// !$*UTF8*$!
{
	archiveVersion = 1;
	classes = {
	};
	objectVersion = 46;
	objects = {

/* Begin PBXAggregateTarget section */
		EA5DE269E955B706B696428F /* Qt Preprocess */ = {
			isa = PBXAggregateTarget;
			buildConfigurationList = 6CC3B5D2136C7CD6A5CF5A59 /* Build configuration list for PBXNativeTarget "Musvi" */;
			buildPhases = (
				5E618435888B9D49F8540165 /* Qt Qmake */,
				7EF0942E79C014DCEC8976BC /* Qt Preprocessors */,
			);
			dependencies = (
			);
			name = "Qt Preprocess";
			productName = "Qt Preprocess";
		};
/* End PBXAggregateTarget section */

/* Begin PBXBuildFile section */
		00AFBFAF57A35FFA3D880FAC /* Qt5Multimedia in Link Binary With Libraries */ = {isa = PBXBuildFile; fileRef = DBF4328F5727ED40B216D490 /* Qt5Multimedia */; };
		05744A849228E3DEFDAD97DD /* musvi_plugin_import.cpp in Compile Sources */ = {isa = PBXBuildFile; fileRef = F36A4126D50EB0C824A99D3C /* musvi_plugin_import.cpp */; settings = {ATTRIBUTES = (); }; };
		094ADFCDD4ED40AB0814CB75 /* calibrator.cpp in Compile Sources */ = {isa = PBXBuildFile; fileRef = 03F81438FBFA9654D73E105D /* calibrator.cpp */; settings = {ATTRIBUTES = (); }; };
		0A904F3E8A4FD521FE566EE7 /* qtfreetype in Link Binary With Libraries */ = {isa = PBXBuildFile; fileRef = 3F7F68AE9FB914CA2AEF5C67 /* qtfreetype */; };
		0CE02722F00CAD43741297B5 /* CoreGraphics.framework in Link Binary With Libraries */ = {isa = PBXBuildFile; fileRef = 6AE3EC31EE5BB1FCEE84137C /* CoreGraphics.framework */; };
		0F2EA9B5A10EE4A29ED01AB6 /* Qt5Qml in Link Binary With Libraries */ = {isa = PBXBuildFile; fileRef = EAA166F8B2F8C0FFB6B3B751 /* Qt5Qml */; };
		10185A205520D7B020A56479 /* bufferprocessor.cpp in Compile Sources */ = {isa = PBXBuildFile; fileRef = 2BEA722E287267B3814168DD /* bufferprocessor.cpp */; settings = {ATTRIBUTES = (); }; };
		12FB8766C90E9F0E47204D6D /* Qt5QuickTemplates2 in Link Binary With Libraries */ = {isa = PBXBuildFile; fileRef = A5355E6F3D57B347E6463450 /* Qt5QuickTemplates2 */; };
		138FCDE318B5089FB87C031B /* qtgraphicaleffectsplugin in Link Binary With Libraries */ = {isa = PBXBuildFile; fileRef = A7AF181FE3BC932E2E4061B1 /* qtgraphicaleffectsplugin */; };
		15364689D2AB5A30E87A689F /* Security.framework in Link Binary With Libraries */ = {isa = PBXBuildFile; fileRef = 205259EEEE2BADA5E64741E3 /* Security.framework */; };
		156F8AD8758612F9E4C83DB4 /* Default-568h@2x.png in Copy Bundle Resources */ = {isa = PBXBuildFile; fileRef = 415E26D4BA51174DD2CD67C1 /* Default-568h@2x.png */; };
		16FAC69C65098A6CF234421F /* scoresaver.cpp in Compile Sources */ = {isa = PBXBuildFile; fileRef = 7DBFA2F34D611FF3B2B7ACB1 /* scoresaver.cpp */; settings = {ATTRIBUTES = (); }; };
		1F476777DC51119ECCC43801 /* qtmultimedia_m3u in Link Binary With Libraries */ = {isa = PBXBuildFile; fileRef = BE446F890A72A6DD768A9C87 /* qtmultimedia_m3u */; };
		232301F0476E804F09ED7754 /* qmldbg_quickprofiler in Link Binary With Libraries */ = {isa = PBXBuildFile; fileRef = 80394870B233ABBF8E855930 /* qmldbg_quickprofiler */; };
		243656366AD914C87EFEE4EB /* Qt5OpenGL in Link Binary With Libraries */ = {isa = PBXBuildFile; fileRef = 5D139753B393B143A8C09F2E /* Qt5OpenGL */; };
		24FFED827BC0187819923C6D /* qtlibpng in Link Binary With Libraries */ = {isa = PBXBuildFile; fileRef = FB2A5AEA1CDF098589E2F371 /* qtlibpng */; };
		26A66FD3E5932843638712E5 /* Qt5PacketProtocol in Link Binary With Libraries */ = {isa = PBXBuildFile; fileRef = 30371410690D96ED1A078476 /* Qt5PacketProtocol */; };
		2B02D9DC58A01E45248DDBCE /* CoreText.framework in Link Binary With Libraries */ = {isa = PBXBuildFile; fileRef = 7D7B02101166B76FD2D4F8B4 /* CoreText.framework */; };
		31993F73FFBC9BD283C89CD3 /* qmldbg_server in Link Binary With Libraries */ = {isa = PBXBuildFile; fileRef = 9C328134E93503A5BF7E7179 /* qmldbg_server */; };
		3474D80B894D564DC077E55B /* qmldbg_debugger in Link Binary With Libraries */ = {isa = PBXBuildFile; fileRef = BBD3405F7B052B579AABB716 /* qmldbg_debugger */; };
		35A1A39F8EAB37889EB3D397 /* CoreAudio.framework in Link Binary With Libraries */ = {isa = PBXBuildFile; fileRef = BEF9DFDA6822604126A7E233 /* CoreAudio.framework */; };
		370D6EBF533004967165ED5F /* Qt5Core in Link Binary With Libraries */ = {isa = PBXBuildFile; fileRef = 9FBE55FB737BC1CF6CF1F7D0 /* Qt5Core */; };
		3C25A945EA60E06AD6AA8777 /* qicns in Link Binary With Libraries */ = {isa = PBXBuildFile; fileRef = F985BC6AD4FA057806D3D1AE /* qicns */; };
		3D4A7CB5BCE911E6189E634A /* qtlabsplatformplugin in Link Binary With Libraries */ = {isa = PBXBuildFile; fileRef = 1A38B6189750C83E2E932051 /* qtlabsplatformplugin */; };
		3DEBB18B4E0036AE9D3B3A4D /* qmldbg_native in Link Binary With Libraries */ = {isa = PBXBuildFile; fileRef = B8DFFF195ADDB97ABC89463F /* qmldbg_native */; };
		405F9E680FE5DF5CD812E832 /* Qt5GraphicsSupport in Link Binary With Libraries */ = {isa = PBXBuildFile; fileRef = 16B591EFDEC1E20CD9C351D2 /* Qt5GraphicsSupport */; };
		4432CE15A71227590D4EB4B7 /* Qt5Quick in Link Binary With Libraries */ = {isa = PBXBuildFile; fileRef = 04068E323A794230524E1F24 /* Qt5Quick */; };
		44960307DABEE1BF205E03E6 /* impulse.cpp in Compile Sources */ = {isa = PBXBuildFile; fileRef = 7AAE8009752979B1E47AB317 /* impulse.cpp */; settings = {ATTRIBUTES = (); }; };
		49359722E0F7DE7C070725A2 /* qwebp in Link Binary With Libraries */ = {isa = PBXBuildFile; fileRef = 6447E0ED702E5B6DCA1D721D /* qwebp */; };
		4A23101BFC66768B90250DB1 /* Qt5FontDatabaseSupport in Link Binary With Libraries */ = {isa = PBXBuildFile; fileRef = 0BF3ABEC1D666779C1CF67C4 /* Qt5FontDatabaseSupport */; };
		4B20B0C859C9B9D225179366 /* qmldbg_inspector in Link Binary With Libraries */ = {isa = PBXBuildFile; fileRef = EE17C259629238D739FCB2BB /* qmldbg_inspector */; };
		4BAABE5EB286C01F1977A899 /* qjpeg in Link Binary With Libraries */ = {isa = PBXBuildFile; fileRef = A955F5FD5F66796D8D41359A /* qjpeg */; };
		4EB68D0C8182BCE33529C421 /* AudioToolbox.framework in Link Binary With Libraries */ = {isa = PBXBuildFile; fileRef = 3C44131FDCFEF4396B9EA2BA /* AudioToolbox.framework */; };
		54A9AA872D217055CCB39D76 /* qtquickcontrols2plugin in Link Binary With Libraries */ = {isa = PBXBuildFile; fileRef = B02EDFB5FFEF4E56B655C066 /* qtquickcontrols2plugin */; };
		564AC3D812D310634DA52FF4 /* Qt5MultimediaWidgets in Link Binary With Libraries */ = {isa = PBXBuildFile; fileRef = 4027E8AAA233A8DF1BE547D6 /* Qt5MultimediaWidgets */; };
		5C633BD53A4C76AB5BB9F9EC /* Qt5Network in Link Binary With Libraries */ = {isa = PBXBuildFile; fileRef = 2E7AF75B15728657983FD673 /* Qt5Network */; };
		5DA765584AEA03FDE93DED21 /* qtpcre2 in Link Binary With Libraries */ = {isa = PBXBuildFile; fileRef = 9C71F7469531A81E417C0E47 /* qtpcre2 */; };
		5EEC38437B4F94BAE7624DEC /* moc_transcriptor.cpp in Compile Sources */ = {isa = PBXBuildFile; fileRef = 9284E94147BF50F53F65D2F7 /* moc_transcriptor.cpp */; settings = {ATTRIBUTES = (); }; };
		5F8D1811E4A3791B0926A145 /* highpassfilter.cpp in Compile Sources */ = {isa = PBXBuildFile; fileRef = 36A702CAC256E7039AC259BE /* highpassfilter.cpp */; settings = {ATTRIBUTES = (); }; };
		61B599738C965D904865ED30 /* qtquicktemplates2plugin in Link Binary With Libraries */ = {isa = PBXBuildFile; fileRef = B603E4BC60539E956E6E45BD /* qtquicktemplates2plugin */; };
		61EEC397DC8556BF8C4E36A7 /* ImageIO.framework in Link Binary With Libraries */ = {isa = PBXBuildFile; fileRef = 3A8EF9C62A8D4790CBB89CEA /* ImageIO.framework */; };
		628E5D7EFDC2F8AC64BC515D /* qtmedia_audioengine in Link Binary With Libraries */ = {isa = PBXBuildFile; fileRef = 685C12E554230BE9DE6BF457 /* qtmedia_audioengine */; };
		6602E41D28CF886E694AD752 /* CoreVideo.framework in Link Binary With Libraries */ = {isa = PBXBuildFile; fileRef = F923F38E989CF0F61A164DD8 /* CoreVideo.framework */; };
		695159F5C4431516237CF2E6 /* LaunchScreen.xib in Copy Bundle Resources */ = {isa = PBXBuildFile; fileRef = 0BC905C2A4F5550A91D8A5B6 /* LaunchScreen.xib */; };
		6B2B92D2A00DB669179DD1B4 /* lowpassfilter.cpp in Compile Sources */ = {isa = PBXBuildFile; fileRef = E7043BFAC6B50179C588CF00 /* lowpassfilter.cpp */; settings = {ATTRIBUTES = (); }; };
		6FABD87D4B8FEC3DDC449110 /* musvi_qml_plugin_import.cpp in Compile Sources */ = {isa = PBXBuildFile; fileRef = A7F4B2E29E69DBB8DE24D981 /* musvi_qml_plugin_import.cpp */; settings = {ATTRIBUTES = (); }; };
		723377A49DD7DE52250F97A0 /* qios in Link Binary With Libraries */ = {isa = PBXBuildFile; fileRef = FB194C1CA9F3424997889D24 /* qios */; };
		77050E9B304CCDAD4A7DBC95 /* logic.cpp in Compile Sources */ = {isa = PBXBuildFile; fileRef = AA80E4746574519B96F23226 /* logic.cpp */; settings = {ATTRIBUTES = (); }; };
		7CC537EB87ACA31AA63ADB08 /* moc_logic.cpp in Compile Sources */ = {isa = PBXBuildFile; fileRef = CB2B7B219F7906DC72282B62 /* moc_logic.cpp */; settings = {ATTRIBUTES = (); }; };
		86AEE7CB702F3A44EF0C35EA /* qquicklayoutsplugin in Link Binary With Libraries */ = {isa = PBXBuildFile; fileRef = D74C846A5C406870A61D92B5 /* qquicklayoutsplugin */; };
		8E217477AABB4CD52DB23A0A /* qtgraphicaleffectsprivate in Link Binary With Libraries */ = {isa = PBXBuildFile; fileRef = 9A6B6084EEC2311F67FF7D5E /* qtgraphicaleffectsprivate */; };
		8EF12AA498EE46330B38CD68 /* declarative_multimedia in Link Binary With Libraries */ = {isa = PBXBuildFile; fileRef = ECA666BDCEE1459D1FFC6115 /* declarative_multimedia */; };
		913C813E8D5600DA89ADCFD3 /* qtquick2plugin in Link Binary With Libraries */ = {isa = PBXBuildFile; fileRef = A565B71C602A886D620520A6 /* qtquick2plugin */; };
		92023116D6E664A89B3F733C /* Qt5ClipboardSupport in Link Binary With Libraries */ = {isa = PBXBuildFile; fileRef = AF1BCBB3C6230E81575AB6A3 /* Qt5ClipboardSupport */; };
		9220E046330466BF9860B9B3 /* qgif in Link Binary With Libraries */ = {isa = PBXBuildFile; fileRef = D92F5C8A5993B8EAF1523DFA /* qgif */; };
		92B5CA49210D96ED4F304495 /* Qt5Gui in Link Binary With Libraries */ = {isa = PBXBuildFile; fileRef = A1745A88097C33426CF66393 /* Qt5Gui */; };
		9D4200E13B3BEAFCEA7A0A96 /* qavfmediaplayer in Link Binary With Libraries */ = {isa = PBXBuildFile; fileRef = 9F451884288EC1B755E0D7D3 /* qavfmediaplayer */; };
		A1848CCDDCC7293BB3BCA6B4 /* classifier.cpp in Compile Sources */ = {isa = PBXBuildFile; fileRef = 631E18D9F69DA2C999D2B98C /* classifier.cpp */; settings = {ATTRIBUTES = (); }; };
		A1916949ABC6D408B498A05A /* windowplugin in Link Binary With Libraries */ = {isa = PBXBuildFile; fileRef = 23CE9883A4CCC870A8E93D22 /* windowplugin */; };
		A3C461C30922AC0B66ED3019 /* Qt5Widgets in Link Binary With Libraries */ = {isa = PBXBuildFile; fileRef = 0B41530495D7CBEE1A4DBF9A /* Qt5Widgets */; };
		A3E73F26E20509B9C536351A /* qico in Link Binary With Libraries */ = {isa = PBXBuildFile; fileRef = 0ED3404AC3EE92884C810C3F /* qico */; };
		A6066C1D2092623100E11EAA /* 1024x768.png in Copy Bundle Resources */ = {isa = PBXBuildFile; fileRef = A6066C1C2092623100E11EAA /* 1024x768.png */; };
		A6066C1F2092626A00E11EAA /* Images.xcassets in Copy Bundle Resources */ = {isa = PBXBuildFile; fileRef = A6066C1E2092626A00E11EAA /* Images.xcassets */; };
		A6066C212092627100E11EAA /* Images-2.xcassets in Copy Bundle Resources */ = {isa = PBXBuildFile; fileRef = A6066C202092627100E11EAA /* Images-2.xcassets */; };
		A956CB9F9B1A91E0349E0122 /* qrc_ressources.cpp in Compile Sources */ = {isa = PBXBuildFile; fileRef = E3A0B37D0C5FAF781D271888 /* qrc_ressources.cpp */; settings = {ATTRIBUTES = (); }; };
		AED991FD38CE18A6132C2606 /* metronomethread.cpp in Compile Sources */ = {isa = PBXBuildFile; fileRef = 6879A5419608C4158CCBD297 /* metronomethread.cpp */; settings = {ATTRIBUTES = (); }; };
		B05C23913BF1968A37EB3C00 /* qmldbg_nativedebugger in Link Binary With Libraries */ = {isa = PBXBuildFile; fileRef = 1F093052FC88F44E806262D3 /* qmldbg_nativedebugger */; };
		B35C22DCBDE43452D2BE0731 /* qmldbg_tcp in Link Binary With Libraries */ = {isa = PBXBuildFile; fileRef = 219400DAC037D443979A8E8D /* qmldbg_tcp */; };
		B460F624007324313696BE86 /* QuartzCore.framework in Link Binary With Libraries */ = {isa = PBXBuildFile; fileRef = 7EC00404ACD5AB0E97726B0E /* QuartzCore.framework */; };
		B5CE10F35DF517E812583BD7 /* filter.cpp in Compile Sources */ = {isa = PBXBuildFile; fileRef = 6D959E61999C119EE7F26A76 /* filter.cpp */; settings = {ATTRIBUTES = (); }; };
		B6FA822579F0C3A5EB72CE80 /* qmldbg_profiler in Link Binary With Libraries */ = {isa = PBXBuildFile; fileRef = 0666E09D53E7E4B240B59638 /* qmldbg_profiler */; };
		B78304F135DEF1F7A68393A6 /* CoreMedia.framework in Link Binary With Libraries */ = {isa = PBXBuildFile; fileRef = 547CCADBD1CC5050167EF948 /* CoreMedia.framework */; };
		BACB9C22B09F547FAA7B0FDA /* qmacjp2 in Link Binary With Libraries */ = {isa = PBXBuildFile; fileRef = C483D5F95BD4F7C0332027A3 /* qmacjp2 */; };
		BE4EFD4ADEC58E36DF5AD43F /* qwbmp in Link Binary With Libraries */ = {isa = PBXBuildFile; fileRef = CC0416022F7E1BD541A787D2 /* qwbmp */; };
		C2BFEF79E9E1059890C943EA /* qtaudio_coreaudio in Link Binary With Libraries */ = {isa = PBXBuildFile; fileRef = 0276AE397CBCE61A03BFEBAC /* qtaudio_coreaudio */; };
		C2D2D4399E69E7B8D7EF932F /* qtharfbuzz in Link Binary With Libraries */ = {isa = PBXBuildFile; fileRef = 7D6A31B7D7361D193FC423AA /* qtharfbuzz */; };
		C6AB5A32E3C790A2CC290B48 /* qtga in Link Binary With Libraries */ = {isa = PBXBuildFile; fileRef = 9DF3CBC1EB900063BD4C409B /* qtga */; };
		CB87A3A5931F3D08BCDAB8CD /* main.cpp in Compile Sources */ = {isa = PBXBuildFile; fileRef = 992152C914D001A57B6D0AF7 /* main.cpp */; settings = {ATTRIBUTES = (); }; };
		CCA737EE379CDB10CC9A0F23 /* AVFoundation.framework in Link Binary With Libraries */ = {isa = PBXBuildFile; fileRef = 21F907AB8D19BD779147A085 /* AVFoundation.framework */; };
		CE79CAC6CE3093B4ECA51E2C /* qgenericbearer in Link Binary With Libraries */ = {isa = PBXBuildFile; fileRef = 84D112398BB0C178F8313CC7 /* qgenericbearer */; };
		D2F765B831A86205ED4B0CE5 /* qmldbg_local in Link Binary With Libraries */ = {isa = PBXBuildFile; fileRef = A919240CDB90DF53AE0C9B57 /* qmldbg_local */; };
		DA24C60DCA11273C3731570C /* Qt5QuickControls2 in Link Binary With Libraries */ = {isa = PBXBuildFile; fileRef = 9B4085FDB72A3712293FB010 /* Qt5QuickControls2 */; };
		DC461653E972AF4B058B5E60 /* Qt5MultimediaQuick_p in Link Binary With Libraries */ = {isa = PBXBuildFile; fileRef = 36BB611E9892FEFE3A68C238 /* Qt5MultimediaQuick_p */; };
		DEF248EFD39C0876C5EDD516 /* scorechecker.cpp in Compile Sources */ = {isa = PBXBuildFile; fileRef = D2CB5736503F661371B7180B /* scorechecker.cpp */; settings = {ATTRIBUTES = (); }; };
		E5479EAE7457D15266983D13 /* qavfcamera in Link Binary With Libraries */ = {isa = PBXBuildFile; fileRef = AE6CA3D95D6212DA301D49C2 /* qavfcamera */; };
		EEC9804A3BBD57218434D4FC /* qmldbg_messages in Link Binary With Libraries */ = {isa = PBXBuildFile; fileRef = B75EA04851960E4C86458153 /* qmldbg_messages */; };
		F26454630C80841CBDCFE1CA /* Foundation.framework in Link Binary With Libraries */ = {isa = PBXBuildFile; fileRef = FCC237CA5AD60B9BA4447615 /* Foundation.framework */; };
		F8B465CE34D8DF87AAE95913 /* CoreFoundation.framework in Link Binary With Libraries */ = {isa = PBXBuildFile; fileRef = 4D765E1B1EA6C757220C63E7 /* CoreFoundation.framework */; };
		FA922D5E5AC8E0E8AFD9601A /* qtiff in Link Binary With Libraries */ = {isa = PBXBuildFile; fileRef = 636F605F841277BC9E2D1479 /* qtiff */; };
		FCB0DA49804D45F555900E88 /* transcriptor.cpp in Compile Sources */ = {isa = PBXBuildFile; fileRef = C50974E6459D3C9CB8FD1163 /* transcriptor.cpp */; settings = {ATTRIBUTES = (); }; };
/* End PBXBuildFile section */

/* Begin PBXContainerItemProxy section */
		A6066C1B2092612500E11EAA /* PBXContainerItemProxy */ = {
			isa = PBXContainerItemProxy;
			containerPortal = 6DB9C3763D02B1415CD9D565 /* Project object */;
			proxyType = 1;
			remoteGlobalIDString = EA5DE269E955B706B696428F;
			remoteInfo = "Qt Preprocess";
		};
/* End PBXContainerItemProxy section */

/* Begin PBXCopyFilesBuildPhase section */
		99542592E9780B9225F24AA8 /* Embed Frameworks */ = {
			isa = PBXCopyFilesBuildPhase;
			buildActionMask = 2147483647;
			dstPath = "";
			dstSubfolderSpec = 10;
			files = (
			);
			name = "Embed Frameworks";
			runOnlyForDeploymentPostprocessing = 0;
		};
/* End PBXCopyFilesBuildPhase section */

/* Begin PBXFileReference section */
		0276AE397CBCE61A03BFEBAC /* qtaudio_coreaudio */ = {isa = PBXFileReference; lastKnownFileType = archive.ar; name = qtaudio_coreaudio; path = "/Users/Eva/Qt5.9.4/5.9.4/ios/plugins/audio/libqtaudio_coreaudio$(QT_LIBRARY_SUFFIX).a"; sourceTree = "<absolute>"; };
		03F81438FBFA9654D73E105D /* calibrator.cpp */ = {isa = PBXFileReference; lastKnownFileType = sourcecode.cpp.cpp; name = calibrator.cpp; path = "/Users/Eva/QT-PROJECTS/MUSVI/calibrator.cpp"; sourceTree = "<absolute>"; };
		04068E323A794230524E1F24 /* Qt5Quick */ = {isa = PBXFileReference; lastKnownFileType = archive.ar; name = Qt5Quick; path = "/Users/Eva/Qt5.9.4/5.9.4/ios/lib/libQt5Quick$(QT_LIBRARY_SUFFIX).a"; sourceTree = "<absolute>"; };
		0666E09D53E7E4B240B59638 /* qmldbg_profiler */ = {isa = PBXFileReference; lastKnownFileType = archive.ar; name = qmldbg_profiler; path = "/Users/Eva/Qt5.9.4/5.9.4/ios/plugins/qmltooling/libqmldbg_profiler$(QT_LIBRARY_SUFFIX).a"; sourceTree = "<absolute>"; };
		0B41530495D7CBEE1A4DBF9A /* Qt5Widgets */ = {isa = PBXFileReference; lastKnownFileType = archive.ar; name = Qt5Widgets; path = "/Users/Eva/Qt5.9.4/5.9.4/ios/lib/libQt5Widgets$(QT_LIBRARY_SUFFIX).a"; sourceTree = "<absolute>"; };
		0BC905C2A4F5550A91D8A5B6 /* LaunchScreen.xib */ = {isa = PBXFileReference; lastKnownFileType = file.xib; name = LaunchScreen.xib; path = "/Users/Eva/QT-PROJECTS/MUSVI/Musvi.xcodeproj/LaunchScreen.xib"; sourceTree = "<absolute>"; };
		0BF3ABEC1D666779C1CF67C4 /* Qt5FontDatabaseSupport */ = {isa = PBXFileReference; lastKnownFileType = archive.ar; name = Qt5FontDatabaseSupport; path = "/Users/Eva/Qt5.9.4/5.9.4/ios/lib/libQt5FontDatabaseSupport$(QT_LIBRARY_SUFFIX).a"; sourceTree = "<absolute>"; };
		0ED3404AC3EE92884C810C3F /* qico */ = {isa = PBXFileReference; lastKnownFileType = archive.ar; name = qico; path = "/Users/Eva/Qt5.9.4/5.9.4/ios/plugins/imageformats/libqico$(QT_LIBRARY_SUFFIX).a"; sourceTree = "<absolute>"; };
		16B591EFDEC1E20CD9C351D2 /* Qt5GraphicsSupport */ = {isa = PBXFileReference; lastKnownFileType = archive.ar; name = Qt5GraphicsSupport; path = "/Users/Eva/Qt5.9.4/5.9.4/ios/lib/libQt5GraphicsSupport$(QT_LIBRARY_SUFFIX).a"; sourceTree = "<absolute>"; };
		17D9773C9F22A04682266E28 /* highpassfilter.h */ = {isa = PBXFileReference; lastKnownFileType = sourcecode.c.h; name = highpassfilter.h; path = "/Users/Eva/QT-PROJECTS/MUSVI/highpassfilter.h"; sourceTree = "<absolute>"; };
		1A38B6189750C83E2E932051 /* qtlabsplatformplugin */ = {isa = PBXFileReference; lastKnownFileType = archive.ar; name = qtlabsplatformplugin; path = "/Users/Eva/Qt5.9.4/5.9.4/ios/qml/Qt/labs/platform/libqtlabsplatformplugin$(QT_LIBRARY_SUFFIX).a"; sourceTree = "<absolute>"; };
		1F093052FC88F44E806262D3 /* qmldbg_nativedebugger */ = {isa = PBXFileReference; lastKnownFileType = archive.ar; name = qmldbg_nativedebugger; path = "/Users/Eva/Qt5.9.4/5.9.4/ios/plugins/qmltooling/libqmldbg_nativedebugger$(QT_LIBRARY_SUFFIX).a"; sourceTree = "<absolute>"; };
		205259EEEE2BADA5E64741E3 /* Security.framework */ = {isa = PBXFileReference; lastKnownFileType = wrapper.framework; name = Security.framework; path = /System/Library/Frameworks/Security.framework; sourceTree = "<absolute>"; };
		219400DAC037D443979A8E8D /* qmldbg_tcp */ = {isa = PBXFileReference; lastKnownFileType = archive.ar; name = qmldbg_tcp; path = "/Users/Eva/Qt5.9.4/5.9.4/ios/plugins/qmltooling/libqmldbg_tcp$(QT_LIBRARY_SUFFIX).a"; sourceTree = "<absolute>"; };
		21F907AB8D19BD779147A085 /* AVFoundation.framework */ = {isa = PBXFileReference; lastKnownFileType = wrapper.framework; name = AVFoundation.framework; path = /System/Library/Frameworks/AVFoundation.framework; sourceTree = "<absolute>"; };
		23CE9883A4CCC870A8E93D22 /* windowplugin */ = {isa = PBXFileReference; lastKnownFileType = archive.ar; name = windowplugin; path = "/Users/Eva/Qt5.9.4/5.9.4/ios/qml/QtQuick/Window.2/libwindowplugin$(QT_LIBRARY_SUFFIX).a"; sourceTree = "<absolute>"; };
		2BEA722E287267B3814168DD /* bufferprocessor.cpp */ = {isa = PBXFileReference; lastKnownFileType = sourcecode.cpp.cpp; name = bufferprocessor.cpp; path = "/Users/Eva/QT-PROJECTS/MUSVI/bufferprocessor.cpp"; sourceTree = "<absolute>"; };
		2E7AF75B15728657983FD673 /* Qt5Network */ = {isa = PBXFileReference; lastKnownFileType = archive.ar; name = Qt5Network; path = "/Users/Eva/Qt5.9.4/5.9.4/ios/lib/libQt5Network$(QT_LIBRARY_SUFFIX).a"; sourceTree = "<absolute>"; };
		30371410690D96ED1A078476 /* Qt5PacketProtocol */ = {isa = PBXFileReference; lastKnownFileType = archive.ar; name = Qt5PacketProtocol; path = "/Users/Eva/Qt5.9.4/5.9.4/ios/lib/libQt5PacketProtocol$(QT_LIBRARY_SUFFIX).a"; sourceTree = "<absolute>"; };
		35A751B01E85A7B4D8DE024B /* impulse.h */ = {isa = PBXFileReference; lastKnownFileType = sourcecode.c.h; name = impulse.h; path = "/Users/Eva/QT-PROJECTS/MUSVI/impulse.h"; sourceTree = "<absolute>"; };
		36A702CAC256E7039AC259BE /* highpassfilter.cpp */ = {isa = PBXFileReference; lastKnownFileType = sourcecode.cpp.cpp; name = highpassfilter.cpp; path = "/Users/Eva/QT-PROJECTS/MUSVI/highpassfilter.cpp"; sourceTree = "<absolute>"; };
		36BB611E9892FEFE3A68C238 /* Qt5MultimediaQuick_p */ = {isa = PBXFileReference; lastKnownFileType = archive.ar; name = Qt5MultimediaQuick_p; path = "/Users/Eva/Qt5.9.4/5.9.4/ios/lib/libQt5MultimediaQuick_p$(QT_LIBRARY_SUFFIX).a"; sourceTree = "<absolute>"; };
		3A8EF9C62A8D4790CBB89CEA /* ImageIO.framework */ = {isa = PBXFileReference; lastKnownFileType = wrapper.framework; name = ImageIO.framework; path = /System/Library/Frameworks/ImageIO.framework; sourceTree = "<absolute>"; };
		3C44131FDCFEF4396B9EA2BA /* AudioToolbox.framework */ = {isa = PBXFileReference; lastKnownFileType = wrapper.framework; name = AudioToolbox.framework; path = /System/Library/Frameworks/AudioToolbox.framework; sourceTree = "<absolute>"; };
		3F7F68AE9FB914CA2AEF5C67 /* qtfreetype */ = {isa = PBXFileReference; lastKnownFileType = archive.ar; name = qtfreetype; path = "/Users/Eva/Qt5.9.4/5.9.4/ios/lib/libqtfreetype$(QT_LIBRARY_SUFFIX).a"; sourceTree = "<absolute>"; };
		4027E8AAA233A8DF1BE547D6 /* Qt5MultimediaWidgets */ = {isa = PBXFileReference; lastKnownFileType = archive.ar; name = Qt5MultimediaWidgets; path = "/Users/Eva/Qt5.9.4/5.9.4/ios/lib/libQt5MultimediaWidgets$(QT_LIBRARY_SUFFIX).a"; sourceTree = "<absolute>"; };
		415E26D4BA51174DD2CD67C1 /* Default-568h@2x.png */ = {isa = PBXFileReference; lastKnownFileType = image.png; name = "Default-568h@2x.png"; path = "/Users/Eva/QT-PROJECTS/MUSVI/Musvi.xcodeproj/Default-568h@2x.png"; sourceTree = "<absolute>"; };
		4D765E1B1EA6C757220C63E7 /* CoreFoundation.framework */ = {isa = PBXFileReference; lastKnownFileType = wrapper.framework; name = CoreFoundation.framework; path = /System/Library/Frameworks/CoreFoundation.framework; sourceTree = "<absolute>"; };
		547CCADBD1CC5050167EF948 /* CoreMedia.framework */ = {isa = PBXFileReference; lastKnownFileType = wrapper.framework; name = CoreMedia.framework; path = /System/Library/Frameworks/CoreMedia.framework; sourceTree = "<absolute>"; };
		5D139753B393B143A8C09F2E /* Qt5OpenGL */ = {isa = PBXFileReference; lastKnownFileType = archive.ar; name = Qt5OpenGL; path = "/Users/Eva/Qt5.9.4/5.9.4/ios/lib/libQt5OpenGL$(QT_LIBRARY_SUFFIX).a"; sourceTree = "<absolute>"; };
		631E18D9F69DA2C999D2B98C /* classifier.cpp */ = {isa = PBXFileReference; lastKnownFileType = sourcecode.cpp.cpp; name = classifier.cpp; path = "/Users/Eva/QT-PROJECTS/MUSVI/classifier.cpp"; sourceTree = "<absolute>"; };
		636F605F841277BC9E2D1479 /* qtiff */ = {isa = PBXFileReference; lastKnownFileType = archive.ar; name = qtiff; path = "/Users/Eva/Qt5.9.4/5.9.4/ios/plugins/imageformats/libqtiff$(QT_LIBRARY_SUFFIX).a"; sourceTree = "<absolute>"; };
		6447E0ED702E5B6DCA1D721D /* qwebp */ = {isa = PBXFileReference; lastKnownFileType = archive.ar; name = qwebp; path = "/Users/Eva/Qt5.9.4/5.9.4/ios/plugins/imageformats/libqwebp$(QT_LIBRARY_SUFFIX).a"; sourceTree = "<absolute>"; };
		65F4380D07A5DF1ED5F83DEE /* musvi.pro */ = {isa = PBXFileReference; lastKnownFileType = text; name = musvi.pro; path = "/Users/Eva/QT-PROJECTS/MUSVI/musvi.pro"; sourceTree = "<absolute>"; };
		685C12E554230BE9DE6BF457 /* qtmedia_audioengine */ = {isa = PBXFileReference; lastKnownFileType = archive.ar; name = qtmedia_audioengine; path = "/Users/Eva/Qt5.9.4/5.9.4/ios/plugins/mediaservice/libqtmedia_audioengine$(QT_LIBRARY_SUFFIX).a"; sourceTree = "<absolute>"; };
		6879A5419608C4158CCBD297 /* metronomethread.cpp */ = {isa = PBXFileReference; lastKnownFileType = sourcecode.cpp.cpp; name = metronomethread.cpp; path = "/Users/Eva/QT-PROJECTS/MUSVI/metronomethread.cpp"; sourceTree = "<absolute>"; };
		6AE3EC31EE5BB1FCEE84137C /* CoreGraphics.framework */ = {isa = PBXFileReference; lastKnownFileType = wrapper.framework; name = CoreGraphics.framework; path = /System/Library/Frameworks/CoreGraphics.framework; sourceTree = "<absolute>"; };
		6D959E61999C119EE7F26A76 /* filter.cpp */ = {isa = PBXFileReference; lastKnownFileType = sourcecode.cpp.cpp; name = filter.cpp; path = "/Users/Eva/QT-PROJECTS/MUSVI/filter.cpp"; sourceTree = "<absolute>"; };
		711DD9D844EAE3AA0A3A13AE /* Musvi.app */ = {isa = PBXFileReference; explicitFileType = wrapper.application; includeInIndex = 0; path = Musvi.app; sourceTree = BUILT_PRODUCTS_DIR; };
		79F25EEE2E2CC1D66BB3235B /* filter.h */ = {isa = PBXFileReference; lastKnownFileType = sourcecode.c.h; name = filter.h; path = "/Users/Eva/QT-PROJECTS/MUSVI/filter.h"; sourceTree = "<absolute>"; };
		7AAE8009752979B1E47AB317 /* impulse.cpp */ = {isa = PBXFileReference; lastKnownFileType = sourcecode.cpp.cpp; name = impulse.cpp; path = "/Users/Eva/QT-PROJECTS/MUSVI/impulse.cpp"; sourceTree = "<absolute>"; };
		7D6A31B7D7361D193FC423AA /* qtharfbuzz */ = {isa = PBXFileReference; lastKnownFileType = archive.ar; name = qtharfbuzz; path = "/Users/Eva/Qt5.9.4/5.9.4/ios/lib/libqtharfbuzz$(QT_LIBRARY_SUFFIX).a"; sourceTree = "<absolute>"; };
		7D7B02101166B76FD2D4F8B4 /* CoreText.framework */ = {isa = PBXFileReference; lastKnownFileType = wrapper.framework; name = CoreText.framework; path = /System/Library/Frameworks/CoreText.framework; sourceTree = "<absolute>"; };
		7DBFA2F34D611FF3B2B7ACB1 /* scoresaver.cpp */ = {isa = PBXFileReference; lastKnownFileType = sourcecode.cpp.cpp; name = scoresaver.cpp; path = "/Users/Eva/QT-PROJECTS/MUSVI/scoresaver.cpp"; sourceTree = "<absolute>"; };
		7EC00404ACD5AB0E97726B0E /* QuartzCore.framework */ = {isa = PBXFileReference; lastKnownFileType = wrapper.framework; name = QuartzCore.framework; path = /System/Library/Frameworks/QuartzCore.framework; sourceTree = "<absolute>"; };
		80394870B233ABBF8E855930 /* qmldbg_quickprofiler */ = {isa = PBXFileReference; lastKnownFileType = archive.ar; name = qmldbg_quickprofiler; path = "/Users/Eva/Qt5.9.4/5.9.4/ios/plugins/qmltooling/libqmldbg_quickprofiler$(QT_LIBRARY_SUFFIX).a"; sourceTree = "<absolute>"; };
		84D112398BB0C178F8313CC7 /* qgenericbearer */ = {isa = PBXFileReference; lastKnownFileType = archive.ar; name = qgenericbearer; path = "/Users/Eva/Qt5.9.4/5.9.4/ios/plugins/bearer/libqgenericbearer$(QT_LIBRARY_SUFFIX).a"; sourceTree = "<absolute>"; };
		8B8DA6E75CD5E535E0230CBE /* scorechecker.h */ = {isa = PBXFileReference; lastKnownFileType = sourcecode.c.h; name = scorechecker.h; path = "/Users/Eva/QT-PROJECTS/MUSVI/scorechecker.h"; sourceTree = "<absolute>"; };
		9284E94147BF50F53F65D2F7 /* moc_transcriptor.cpp */ = {isa = PBXFileReference; lastKnownFileType = sourcecode.cpp.cpp; name = moc_transcriptor.cpp; path = "/Users/Eva/QT-PROJECTS/MUSVI/moc_transcriptor.cpp"; sourceTree = "<absolute>"; };
		992152C914D001A57B6D0AF7 /* main.cpp */ = {isa = PBXFileReference; lastKnownFileType = sourcecode.cpp.cpp; name = main.cpp; path = "/Users/Eva/QT-PROJECTS/MUSVI/main.cpp"; sourceTree = "<absolute>"; };
		9A6B6084EEC2311F67FF7D5E /* qtgraphicaleffectsprivate */ = {isa = PBXFileReference; lastKnownFileType = archive.ar; name = qtgraphicaleffectsprivate; path = "/Users/Eva/Qt5.9.4/5.9.4/ios/qml/QtGraphicalEffects/private/libqtgraphicaleffectsprivate$(QT_LIBRARY_SUFFIX).a"; sourceTree = "<absolute>"; };
		9B4085FDB72A3712293FB010 /* Qt5QuickControls2 */ = {isa = PBXFileReference; lastKnownFileType = archive.ar; name = Qt5QuickControls2; path = "/Users/Eva/Qt5.9.4/5.9.4/ios/lib/libQt5QuickControls2$(QT_LIBRARY_SUFFIX).a"; sourceTree = "<absolute>"; };
		9C05D3C5F4981BFDD7F380A8 /* ressources.qrc */ = {isa = PBXFileReference; lastKnownFileType = text; name = ressources.qrc; path = "/Users/Eva/QT-PROJECTS/MUSVI/ressources.qrc"; sourceTree = "<absolute>"; };
		9C328134E93503A5BF7E7179 /* qmldbg_server */ = {isa = PBXFileReference; lastKnownFileType = archive.ar; name = qmldbg_server; path = "/Users/Eva/Qt5.9.4/5.9.4/ios/plugins/qmltooling/libqmldbg_server$(QT_LIBRARY_SUFFIX).a"; sourceTree = "<absolute>"; };
		9C71F7469531A81E417C0E47 /* qtpcre2 */ = {isa = PBXFileReference; lastKnownFileType = archive.ar; name = qtpcre2; path = "/Users/Eva/Qt5.9.4/5.9.4/ios/lib/libqtpcre2$(QT_LIBRARY_SUFFIX).a"; sourceTree = "<absolute>"; };
		9DF3CBC1EB900063BD4C409B /* qtga */ = {isa = PBXFileReference; lastKnownFileType = archive.ar; name = qtga; path = "/Users/Eva/Qt5.9.4/5.9.4/ios/plugins/imageformats/libqtga$(QT_LIBRARY_SUFFIX).a"; sourceTree = "<absolute>"; };
		9F451884288EC1B755E0D7D3 /* qavfmediaplayer */ = {isa = PBXFileReference; lastKnownFileType = archive.ar; name = qavfmediaplayer; path = "/Users/Eva/Qt5.9.4/5.9.4/ios/plugins/mediaservice/libqavfmediaplayer$(QT_LIBRARY_SUFFIX).a"; sourceTree = "<absolute>"; };
		9FBE55FB737BC1CF6CF1F7D0 /* Qt5Core */ = {isa = PBXFileReference; lastKnownFileType = archive.ar; name = Qt5Core; path = "/Users/Eva/Qt5.9.4/5.9.4/ios/lib/libQt5Core$(QT_LIBRARY_SUFFIX).a"; sourceTree = "<absolute>"; };
		A1745A88097C33426CF66393 /* Qt5Gui */ = {isa = PBXFileReference; lastKnownFileType = archive.ar; name = Qt5Gui; path = "/Users/Eva/Qt5.9.4/5.9.4/ios/lib/libQt5Gui$(QT_LIBRARY_SUFFIX).a"; sourceTree = "<absolute>"; };
		A5355E6F3D57B347E6463450 /* Qt5QuickTemplates2 */ = {isa = PBXFileReference; lastKnownFileType = archive.ar; name = Qt5QuickTemplates2; path = "/Users/Eva/Qt5.9.4/5.9.4/ios/lib/libQt5QuickTemplates2$(QT_LIBRARY_SUFFIX).a"; sourceTree = "<absolute>"; };
		A565B71C602A886D620520A6 /* qtquick2plugin */ = {isa = PBXFileReference; lastKnownFileType = archive.ar; name = qtquick2plugin; path = "/Users/Eva/Qt5.9.4/5.9.4/ios/qml/QtQuick.2/libqtquick2plugin$(QT_LIBRARY_SUFFIX).a"; sourceTree = "<absolute>"; };
		A6066C1C2092623100E11EAA /* 1024x768.png */ = {isa = PBXFileReference; lastKnownFileType = image.png; path = 1024x768.png; sourceTree = "<group>"; };
		A6066C1E2092626A00E11EAA /* Images.xcassets */ = {isa = PBXFileReference; lastKnownFileType = folder.assetcatalog; name = Images.xcassets; path = Musvi/Images.xcassets; sourceTree = "<group>"; };
		A6066C202092627100E11EAA /* Images-2.xcassets */ = {isa = PBXFileReference; lastKnownFileType = folder.assetcatalog; name = "Images-2.xcassets"; path = "Musvi/Images-2.xcassets"; sourceTree = "<group>"; };
		A7AF181FE3BC932E2E4061B1 /* qtgraphicaleffectsplugin */ = {isa = PBXFileReference; lastKnownFileType = archive.ar; name = qtgraphicaleffectsplugin; path = "/Users/Eva/Qt5.9.4/5.9.4/ios/qml/QtGraphicalEffects/libqtgraphicaleffectsplugin$(QT_LIBRARY_SUFFIX).a"; sourceTree = "<absolute>"; };
		A7F4B2E29E69DBB8DE24D981 /* musvi_qml_plugin_import.cpp */ = {isa = PBXFileReference; lastKnownFileType = sourcecode.cpp.cpp; name = musvi_qml_plugin_import.cpp; path = "/Users/Eva/QT-PROJECTS/MUSVI/musvi_qml_plugin_import.cpp"; sourceTree = "<absolute>"; };
		A919240CDB90DF53AE0C9B57 /* qmldbg_local */ = {isa = PBXFileReference; lastKnownFileType = archive.ar; name = qmldbg_local; path = "/Users/Eva/Qt5.9.4/5.9.4/ios/plugins/qmltooling/libqmldbg_local$(QT_LIBRARY_SUFFIX).a"; sourceTree = "<absolute>"; };
		A955F5FD5F66796D8D41359A /* qjpeg */ = {isa = PBXFileReference; lastKnownFileType = archive.ar; name = qjpeg; path = "/Users/Eva/Qt5.9.4/5.9.4/ios/plugins/imageformats/libqjpeg$(QT_LIBRARY_SUFFIX).a"; sourceTree = "<absolute>"; };
		AA80E4746574519B96F23226 /* logic.cpp */ = {isa = PBXFileReference; lastKnownFileType = sourcecode.cpp.cpp; name = logic.cpp; path = "/Users/Eva/QT-PROJECTS/MUSVI/logic.cpp"; sourceTree = "<absolute>"; };
		AC7C51C29B2B413300104C1A /* metronomethread.h */ = {isa = PBXFileReference; lastKnownFileType = sourcecode.c.h; name = metronomethread.h; path = "/Users/Eva/QT-PROJECTS/MUSVI/metronomethread.h"; sourceTree = "<absolute>"; };
		AE6CA3D95D6212DA301D49C2 /* qavfcamera */ = {isa = PBXFileReference; lastKnownFileType = archive.ar; name = qavfcamera; path = "/Users/Eva/Qt5.9.4/5.9.4/ios/plugins/mediaservice/libqavfcamera$(QT_LIBRARY_SUFFIX).a"; sourceTree = "<absolute>"; };
		AF1BCBB3C6230E81575AB6A3 /* Qt5ClipboardSupport */ = {isa = PBXFileReference; lastKnownFileType = archive.ar; name = Qt5ClipboardSupport; path = "/Users/Eva/Qt5.9.4/5.9.4/ios/lib/libQt5ClipboardSupport$(QT_LIBRARY_SUFFIX).a"; sourceTree = "<absolute>"; };
		AF60D7DBF0E770B797C2F4C5 /* classifier.h */ = {isa = PBXFileReference; lastKnownFileType = sourcecode.c.h; name = classifier.h; path = "/Users/Eva/QT-PROJECTS/MUSVI/classifier.h"; sourceTree = "<absolute>"; };
		B02EDFB5FFEF4E56B655C066 /* qtquickcontrols2plugin */ = {isa = PBXFileReference; lastKnownFileType = archive.ar; name = qtquickcontrols2plugin; path = "/Users/Eva/Qt5.9.4/5.9.4/ios/qml/QtQuick/Controls.2/libqtquickcontrols2plugin$(QT_LIBRARY_SUFFIX).a"; sourceTree = "<absolute>"; };
		B18871C0D35195A229E3971C /* bufferprocessor.h */ = {isa = PBXFileReference; lastKnownFileType = sourcecode.c.h; name = bufferprocessor.h; path = "/Users/Eva/QT-PROJECTS/MUSVI/bufferprocessor.h"; sourceTree = "<absolute>"; };
		B603E4BC60539E956E6E45BD /* qtquicktemplates2plugin */ = {isa = PBXFileReference; lastKnownFileType = archive.ar; name = qtquicktemplates2plugin; path = "/Users/Eva/Qt5.9.4/5.9.4/ios/qml/QtQuick/Templates.2/libqtquicktemplates2plugin$(QT_LIBRARY_SUFFIX).a"; sourceTree = "<absolute>"; };
		B75EA04851960E4C86458153 /* qmldbg_messages */ = {isa = PBXFileReference; lastKnownFileType = archive.ar; name = qmldbg_messages; path = "/Users/Eva/Qt5.9.4/5.9.4/ios/plugins/qmltooling/libqmldbg_messages$(QT_LIBRARY_SUFFIX).a"; sourceTree = "<absolute>"; };
		B8DFFF195ADDB97ABC89463F /* qmldbg_native */ = {isa = PBXFileReference; lastKnownFileType = archive.ar; name = qmldbg_native; path = "/Users/Eva/Qt5.9.4/5.9.4/ios/plugins/qmltooling/libqmldbg_native$(QT_LIBRARY_SUFFIX).a"; sourceTree = "<absolute>"; };
		BBD3405F7B052B579AABB716 /* qmldbg_debugger */ = {isa = PBXFileReference; lastKnownFileType = archive.ar; name = qmldbg_debugger; path = "/Users/Eva/Qt5.9.4/5.9.4/ios/plugins/qmltooling/libqmldbg_debugger$(QT_LIBRARY_SUFFIX).a"; sourceTree = "<absolute>"; };
		BE446F890A72A6DD768A9C87 /* qtmultimedia_m3u */ = {isa = PBXFileReference; lastKnownFileType = archive.ar; name = qtmultimedia_m3u; path = "/Users/Eva/Qt5.9.4/5.9.4/ios/plugins/playlistformats/libqtmultimedia_m3u$(QT_LIBRARY_SUFFIX).a"; sourceTree = "<absolute>"; };
		BEF9DFDA6822604126A7E233 /* CoreAudio.framework */ = {isa = PBXFileReference; lastKnownFileType = wrapper.framework; name = CoreAudio.framework; path = /System/Library/Frameworks/CoreAudio.framework; sourceTree = "<absolute>"; };
		C22C9B346341769A1400AE4A /* calibrator.h */ = {isa = PBXFileReference; lastKnownFileType = sourcecode.c.h; name = calibrator.h; path = "/Users/Eva/QT-PROJECTS/MUSVI/calibrator.h"; sourceTree = "<absolute>"; };
		C483D5F95BD4F7C0332027A3 /* qmacjp2 */ = {isa = PBXFileReference; lastKnownFileType = archive.ar; name = qmacjp2; path = "/Users/Eva/Qt5.9.4/5.9.4/ios/plugins/imageformats/libqmacjp2$(QT_LIBRARY_SUFFIX).a"; sourceTree = "<absolute>"; };
		C50974E6459D3C9CB8FD1163 /* transcriptor.cpp */ = {isa = PBXFileReference; lastKnownFileType = sourcecode.cpp.cpp; name = transcriptor.cpp; path = "/Users/Eva/QT-PROJECTS/MUSVI/transcriptor.cpp"; sourceTree = "<absolute>"; };
		CB2B7B219F7906DC72282B62 /* moc_logic.cpp */ = {isa = PBXFileReference; lastKnownFileType = sourcecode.cpp.cpp; name = moc_logic.cpp; path = "/Users/Eva/QT-PROJECTS/MUSVI/moc_logic.cpp"; sourceTree = "<absolute>"; };
		CC0416022F7E1BD541A787D2 /* qwbmp */ = {isa = PBXFileReference; lastKnownFileType = archive.ar; name = qwbmp; path = "/Users/Eva/Qt5.9.4/5.9.4/ios/plugins/imageformats/libqwbmp$(QT_LIBRARY_SUFFIX).a"; sourceTree = "<absolute>"; };
		D2CB5736503F661371B7180B /* scorechecker.cpp */ = {isa = PBXFileReference; lastKnownFileType = sourcecode.cpp.cpp; name = scorechecker.cpp; path = "/Users/Eva/QT-PROJECTS/MUSVI/scorechecker.cpp"; sourceTree = "<absolute>"; };
		D421B9BCFA8CFD7C002C5D78 /* transcriptor.h */ = {isa = PBXFileReference; lastKnownFileType = sourcecode.c.h; name = transcriptor.h; path = "/Users/Eva/QT-PROJECTS/MUSVI/transcriptor.h"; sourceTree = "<absolute>"; };
		D463D629A81CF8DF77DB54A8 /* scoresaver.h */ = {isa = PBXFileReference; lastKnownFileType = sourcecode.c.h; name = scoresaver.h; path = "/Users/Eva/QT-PROJECTS/MUSVI/scoresaver.h"; sourceTree = "<absolute>"; };
		D5A215F7570285AB6419A522 /* lowpassfilter.h */ = {isa = PBXFileReference; lastKnownFileType = sourcecode.c.h; name = lowpassfilter.h; path = "/Users/Eva/QT-PROJECTS/MUSVI/lowpassfilter.h"; sourceTree = "<absolute>"; };
		D74C846A5C406870A61D92B5 /* qquicklayoutsplugin */ = {isa = PBXFileReference; lastKnownFileType = archive.ar; name = qquicklayoutsplugin; path = "/Users/Eva/Qt5.9.4/5.9.4/ios/qml/QtQuick/Layouts/libqquicklayoutsplugin$(QT_LIBRARY_SUFFIX).a"; sourceTree = "<absolute>"; };
		D92F5C8A5993B8EAF1523DFA /* qgif */ = {isa = PBXFileReference; lastKnownFileType = archive.ar; name = qgif; path = "/Users/Eva/Qt5.9.4/5.9.4/ios/plugins/imageformats/libqgif$(QT_LIBRARY_SUFFIX).a"; sourceTree = "<absolute>"; };
		DBF4328F5727ED40B216D490 /* Qt5Multimedia */ = {isa = PBXFileReference; lastKnownFileType = archive.ar; name = Qt5Multimedia; path = "/Users/Eva/Qt5.9.4/5.9.4/ios/lib/libQt5Multimedia$(QT_LIBRARY_SUFFIX).a"; sourceTree = "<absolute>"; };
		DF80F6F822D3DF28C0FFE14B /* logic.h */ = {isa = PBXFileReference; lastKnownFileType = sourcecode.c.h; name = logic.h; path = "/Users/Eva/QT-PROJECTS/MUSVI/logic.h"; sourceTree = "<absolute>"; };
		E3A0B37D0C5FAF781D271888 /* qrc_ressources.cpp */ = {isa = PBXFileReference; lastKnownFileType = sourcecode.cpp.cpp; name = qrc_ressources.cpp; path = "/Users/Eva/QT-PROJECTS/MUSVI/qrc_ressources.cpp"; sourceTree = "<absolute>"; };
		E7043BFAC6B50179C588CF00 /* lowpassfilter.cpp */ = {isa = PBXFileReference; lastKnownFileType = sourcecode.cpp.cpp; name = lowpassfilter.cpp; path = "/Users/Eva/QT-PROJECTS/MUSVI/lowpassfilter.cpp"; sourceTree = "<absolute>"; };
		EAA166F8B2F8C0FFB6B3B751 /* Qt5Qml */ = {isa = PBXFileReference; lastKnownFileType = archive.ar; name = Qt5Qml; path = "/Users/Eva/Qt5.9.4/5.9.4/ios/lib/libQt5Qml$(QT_LIBRARY_SUFFIX).a"; sourceTree = "<absolute>"; };
		ECA666BDCEE1459D1FFC6115 /* declarative_multimedia */ = {isa = PBXFileReference; lastKnownFileType = archive.ar; name = declarative_multimedia; path = "/Users/Eva/Qt5.9.4/5.9.4/ios/qml/QtMultimedia/libdeclarative_multimedia$(QT_LIBRARY_SUFFIX).a"; sourceTree = "<absolute>"; };
		EE17C259629238D739FCB2BB /* qmldbg_inspector */ = {isa = PBXFileReference; lastKnownFileType = archive.ar; name = qmldbg_inspector; path = "/Users/Eva/Qt5.9.4/5.9.4/ios/plugins/qmltooling/libqmldbg_inspector$(QT_LIBRARY_SUFFIX).a"; sourceTree = "<absolute>"; };
		F36A4126D50EB0C824A99D3C /* musvi_plugin_import.cpp */ = {isa = PBXFileReference; lastKnownFileType = sourcecode.cpp.cpp; name = musvi_plugin_import.cpp; path = "/Users/Eva/QT-PROJECTS/MUSVI/musvi_plugin_import.cpp"; sourceTree = "<absolute>"; };
		F923F38E989CF0F61A164DD8 /* CoreVideo.framework */ = {isa = PBXFileReference; lastKnownFileType = wrapper.framework; name = CoreVideo.framework; path = /System/Library/Frameworks/CoreVideo.framework; sourceTree = "<absolute>"; };
		F985BC6AD4FA057806D3D1AE /* qicns */ = {isa = PBXFileReference; lastKnownFileType = archive.ar; name = qicns; path = "/Users/Eva/Qt5.9.4/5.9.4/ios/plugins/imageformats/libqicns$(QT_LIBRARY_SUFFIX).a"; sourceTree = "<absolute>"; };
		FB194C1CA9F3424997889D24 /* qios */ = {isa = PBXFileReference; lastKnownFileType = archive.ar; name = qios; path = "/Users/Eva/Qt5.9.4/5.9.4/ios/plugins/platforms/libqios$(QT_LIBRARY_SUFFIX).a"; sourceTree = "<absolute>"; };
		FB2A5AEA1CDF098589E2F371 /* qtlibpng */ = {isa = PBXFileReference; lastKnownFileType = archive.ar; name = qtlibpng; path = "/Users/Eva/Qt5.9.4/5.9.4/ios/lib/libqtlibpng$(QT_LIBRARY_SUFFIX).a"; sourceTree = "<absolute>"; };
		FBD4E8B4F40CEEFE1B51FB12 /* .qmake.stash */ = {isa = PBXFileReference; lastKnownFileType = text; name = .qmake.stash; path = "/Users/Eva/QT-PROJECTS/MUSVI/.qmake.stash"; sourceTree = "<absolute>"; };
		FCC237CA5AD60B9BA4447615 /* Foundation.framework */ = {isa = PBXFileReference; lastKnownFileType = wrapper.framework; name = Foundation.framework; path = /System/Library/Frameworks/Foundation.framework; sourceTree = "<absolute>"; };
/* End PBXFileReference section */

/* Begin PBXFrameworksBuildPhase section */
		D1C883685E82D5676953459A /* Link Binary With Libraries */ = {
			isa = PBXFrameworksBuildPhase;
			buildActionMask = 2147483647;
			files = (
				F26454630C80841CBDCFE1CA /* Foundation.framework in Link Binary With Libraries */,
				B460F624007324313696BE86 /* QuartzCore.framework in Link Binary With Libraries */,
				4EB68D0C8182BCE33529C421 /* AudioToolbox.framework in Link Binary With Libraries */,
				F8B465CE34D8DF87AAE95913 /* CoreFoundation.framework in Link Binary With Libraries */,
				0CE02722F00CAD43741297B5 /* CoreGraphics.framework in Link Binary With Libraries */,
				2B02D9DC58A01E45248DDBCE /* CoreText.framework in Link Binary With Libraries */,
				E5479EAE7457D15266983D13 /* qavfcamera in Link Binary With Libraries */,
				35A1A39F8EAB37889EB3D397 /* CoreAudio.framework in Link Binary With Libraries */,
				B78304F135DEF1F7A68393A6 /* CoreMedia.framework in Link Binary With Libraries */,
				6602E41D28CF886E694AD752 /* CoreVideo.framework in Link Binary With Libraries */,
				15364689D2AB5A30E87A689F /* Security.framework in Link Binary With Libraries */,
				CCA737EE379CDB10CC9A0F23 /* AVFoundation.framework in Link Binary With Libraries */,
				9D4200E13B3BEAFCEA7A0A96 /* qavfmediaplayer in Link Binary With Libraries */,
				564AC3D812D310634DA52FF4 /* Qt5MultimediaWidgets in Link Binary With Libraries */,
				243656366AD914C87EFEE4EB /* Qt5OpenGL in Link Binary With Libraries */,
				628E5D7EFDC2F8AC64BC515D /* qtmedia_audioengine in Link Binary With Libraries */,
				C2BFEF79E9E1059890C943EA /* qtaudio_coreaudio in Link Binary With Libraries */,
				1F476777DC51119ECCC43801 /* qtmultimedia_m3u in Link Binary With Libraries */,
				723377A49DD7DE52250F97A0 /* qios in Link Binary With Libraries */,
				4A23101BFC66768B90250DB1 /* Qt5FontDatabaseSupport in Link Binary With Libraries */,
				0A904F3E8A4FD521FE566EE7 /* qtfreetype in Link Binary With Libraries */,
				405F9E680FE5DF5CD812E832 /* Qt5GraphicsSupport in Link Binary With Libraries */,
				92023116D6E664A89B3F733C /* Qt5ClipboardSupport in Link Binary With Libraries */,
				9220E046330466BF9860B9B3 /* qgif in Link Binary With Libraries */,
				3C25A945EA60E06AD6AA8777 /* qicns in Link Binary With Libraries */,
				A3E73F26E20509B9C536351A /* qico in Link Binary With Libraries */,
				4BAABE5EB286C01F1977A899 /* qjpeg in Link Binary With Libraries */,
				BACB9C22B09F547FAA7B0FDA /* qmacjp2 in Link Binary With Libraries */,
				61EEC397DC8556BF8C4E36A7 /* ImageIO.framework in Link Binary With Libraries */,
				C6AB5A32E3C790A2CC290B48 /* qtga in Link Binary With Libraries */,
				FA922D5E5AC8E0E8AFD9601A /* qtiff in Link Binary With Libraries */,
				BE4EFD4ADEC58E36DF5AD43F /* qwbmp in Link Binary With Libraries */,
				49359722E0F7DE7C070725A2 /* qwebp in Link Binary With Libraries */,
				3474D80B894D564DC077E55B /* qmldbg_debugger in Link Binary With Libraries */,
				4B20B0C859C9B9D225179366 /* qmldbg_inspector in Link Binary With Libraries */,
				D2F765B831A86205ED4B0CE5 /* qmldbg_local in Link Binary With Libraries */,
				EEC9804A3BBD57218434D4FC /* qmldbg_messages in Link Binary With Libraries */,
				3DEBB18B4E0036AE9D3B3A4D /* qmldbg_native in Link Binary With Libraries */,
				B05C23913BF1968A37EB3C00 /* qmldbg_nativedebugger in Link Binary With Libraries */,
				B6FA822579F0C3A5EB72CE80 /* qmldbg_profiler in Link Binary With Libraries */,
				232301F0476E804F09ED7754 /* qmldbg_quickprofiler in Link Binary With Libraries */,
				31993F73FFBC9BD283C89CD3 /* qmldbg_server in Link Binary With Libraries */,
				26A66FD3E5932843638712E5 /* Qt5PacketProtocol in Link Binary With Libraries */,
				B35C22DCBDE43452D2BE0731 /* qmldbg_tcp in Link Binary With Libraries */,
				CE79CAC6CE3093B4ECA51E2C /* qgenericbearer in Link Binary With Libraries */,
				913C813E8D5600DA89ADCFD3 /* qtquick2plugin in Link Binary With Libraries */,
				54A9AA872D217055CCB39D76 /* qtquickcontrols2plugin in Link Binary With Libraries */,
				DA24C60DCA11273C3731570C /* Qt5QuickControls2 in Link Binary With Libraries */,
				86AEE7CB702F3A44EF0C35EA /* qquicklayoutsplugin in Link Binary With Libraries */,
				A1916949ABC6D408B498A05A /* windowplugin in Link Binary With Libraries */,
				8EF12AA498EE46330B38CD68 /* declarative_multimedia in Link Binary With Libraries */,
				DC461653E972AF4B058B5E60 /* Qt5MultimediaQuick_p in Link Binary With Libraries */,
				00AFBFAF57A35FFA3D880FAC /* Qt5Multimedia in Link Binary With Libraries */,
				61B599738C965D904865ED30 /* qtquicktemplates2plugin in Link Binary With Libraries */,
				12FB8766C90E9F0E47204D6D /* Qt5QuickTemplates2 in Link Binary With Libraries */,
				3D4A7CB5BCE911E6189E634A /* qtlabsplatformplugin in Link Binary With Libraries */,
				A3C461C30922AC0B66ED3019 /* Qt5Widgets in Link Binary With Libraries */,
				138FCDE318B5089FB87C031B /* qtgraphicaleffectsplugin in Link Binary With Libraries */,
				8E217477AABB4CD52DB23A0A /* qtgraphicaleffectsprivate in Link Binary With Libraries */,
				4432CE15A71227590D4EB4B7 /* Qt5Quick in Link Binary With Libraries */,
				92B5CA49210D96ED4F304495 /* Qt5Gui in Link Binary With Libraries */,
				24FFED827BC0187819923C6D /* qtlibpng in Link Binary With Libraries */,
				C2D2D4399E69E7B8D7EF932F /* qtharfbuzz in Link Binary With Libraries */,
				0F2EA9B5A10EE4A29ED01AB6 /* Qt5Qml in Link Binary With Libraries */,
				5C633BD53A4C76AB5BB9F9EC /* Qt5Network in Link Binary With Libraries */,
				370D6EBF533004967165ED5F /* Qt5Core in Link Binary With Libraries */,
				5DA765584AEA03FDE93DED21 /* qtpcre2 in Link Binary With Libraries */,
			);
			name = "Link Binary With Libraries";
			runOnlyForDeploymentPostprocessing = 0;
		};
/* End PBXFrameworksBuildPhase section */

/* Begin PBXGroup section */
		25B08E2869634E9BCBA333A2 /* Generated Sources */ = {
			isa = PBXGroup;
			children = (
				F36A4126D50EB0C824A99D3C /* musvi_plugin_import.cpp */,
				A7F4B2E29E69DBB8DE24D981 /* musvi_qml_plugin_import.cpp */,
				E3A0B37D0C5FAF781D271888 /* qrc_ressources.cpp */,
				CB2B7B219F7906DC72282B62 /* moc_logic.cpp */,
				9284E94147BF50F53F65D2F7 /* moc_transcriptor.cpp */,
			);
			name = "Generated Sources";
			sourceTree = "<group>";
		};
		2EB56BE3C2D93CDAB0C52E67 /* Sources */ = {
			isa = PBXGroup;
			children = (
				992152C914D001A57B6D0AF7 /* main.cpp */,
				AA80E4746574519B96F23226 /* logic.cpp */,
				2BEA722E287267B3814168DD /* bufferprocessor.cpp */,
				631E18D9F69DA2C999D2B98C /* classifier.cpp */,
				6D959E61999C119EE7F26A76 /* filter.cpp */,
				36A702CAC256E7039AC259BE /* highpassfilter.cpp */,
				7AAE8009752979B1E47AB317 /* impulse.cpp */,
				E7043BFAC6B50179C588CF00 /* lowpassfilter.cpp */,
				C50974E6459D3C9CB8FD1163 /* transcriptor.cpp */,
				6879A5419608C4158CCBD297 /* metronomethread.cpp */,
				7DBFA2F34D611FF3B2B7ACB1 /* scoresaver.cpp */,
				03F81438FBFA9654D73E105D /* calibrator.cpp */,
				D2CB5736503F661371B7180B /* scorechecker.cpp */,
				DF80F6F822D3DF28C0FFE14B /* logic.h */,
				B18871C0D35195A229E3971C /* bufferprocessor.h */,
				AF60D7DBF0E770B797C2F4C5 /* classifier.h */,
				79F25EEE2E2CC1D66BB3235B /* filter.h */,
				17D9773C9F22A04682266E28 /* highpassfilter.h */,
				35A751B01E85A7B4D8DE024B /* impulse.h */,
				D5A215F7570285AB6419A522 /* lowpassfilter.h */,
				D421B9BCFA8CFD7C002C5D78 /* transcriptor.h */,
				AC7C51C29B2B413300104C1A /* metronomethread.h */,
				D463D629A81CF8DF77DB54A8 /* scoresaver.h */,
				C22C9B346341769A1400AE4A /* calibrator.h */,
				8B8DA6E75CD5E535E0230CBE /* scorechecker.h */,
			);
			name = Sources;
			sourceTree = "<group>";
		};
		74B182DB50CB5611B5C1C297 /* Supporting Files */ = {
			isa = PBXGroup;
			children = (
				65F4380D07A5DF1ED5F83DEE /* musvi.pro */,
				FBD4E8B4F40CEEFE1B51FB12 /* .qmake.stash */,
			);
			name = "Supporting Files";
			sourceTree = "<group>";
		};
		858FCAB0EB1F29CF8B07677C /* Bundle Data */ = {
			isa = PBXGroup;
			children = (
				A6066C1C2092623100E11EAA /* 1024x768.png */,
				415E26D4BA51174DD2CD67C1 /* Default-568h@2x.png */,
				0BC905C2A4F5550A91D8A5B6 /* LaunchScreen.xib */,
			);
			name = "Bundle Data";
			sourceTree = "<group>";
		};
		87DF60DE337FB58864343E39 /* Resources */ = {
			isa = PBXGroup;
			children = (
				A6066C202092627100E11EAA /* Images-2.xcassets */,
				A6066C1E2092626A00E11EAA /* Images.xcassets */,
				9C05D3C5F4981BFDD7F380A8 /* ressources.qrc */,
			);
			name = Resources;
			sourceTree = "<group>";
		};
		AF39DD055C3EF8226FBE929D /* Frameworks */ = {
			isa = PBXGroup;
			children = (
				FCC237CA5AD60B9BA4447615 /* Foundation.framework */,
				7EC00404ACD5AB0E97726B0E /* QuartzCore.framework */,
				3C44131FDCFEF4396B9EA2BA /* AudioToolbox.framework */,
				4D765E1B1EA6C757220C63E7 /* CoreFoundation.framework */,
				6AE3EC31EE5BB1FCEE84137C /* CoreGraphics.framework */,
				7D7B02101166B76FD2D4F8B4 /* CoreText.framework */,
				AE6CA3D95D6212DA301D49C2 /* qavfcamera */,
				BEF9DFDA6822604126A7E233 /* CoreAudio.framework */,
				547CCADBD1CC5050167EF948 /* CoreMedia.framework */,
				F923F38E989CF0F61A164DD8 /* CoreVideo.framework */,
				205259EEEE2BADA5E64741E3 /* Security.framework */,
				21F907AB8D19BD779147A085 /* AVFoundation.framework */,
				9F451884288EC1B755E0D7D3 /* qavfmediaplayer */,
				4027E8AAA233A8DF1BE547D6 /* Qt5MultimediaWidgets */,
				5D139753B393B143A8C09F2E /* Qt5OpenGL */,
				685C12E554230BE9DE6BF457 /* qtmedia_audioengine */,
				0276AE397CBCE61A03BFEBAC /* qtaudio_coreaudio */,
				BE446F890A72A6DD768A9C87 /* qtmultimedia_m3u */,
				FB194C1CA9F3424997889D24 /* qios */,
				0BF3ABEC1D666779C1CF67C4 /* Qt5FontDatabaseSupport */,
				3F7F68AE9FB914CA2AEF5C67 /* qtfreetype */,
				16B591EFDEC1E20CD9C351D2 /* Qt5GraphicsSupport */,
				AF1BCBB3C6230E81575AB6A3 /* Qt5ClipboardSupport */,
				D92F5C8A5993B8EAF1523DFA /* qgif */,
				F985BC6AD4FA057806D3D1AE /* qicns */,
				0ED3404AC3EE92884C810C3F /* qico */,
				A955F5FD5F66796D8D41359A /* qjpeg */,
				C483D5F95BD4F7C0332027A3 /* qmacjp2 */,
				3A8EF9C62A8D4790CBB89CEA /* ImageIO.framework */,
				9DF3CBC1EB900063BD4C409B /* qtga */,
				636F605F841277BC9E2D1479 /* qtiff */,
				CC0416022F7E1BD541A787D2 /* qwbmp */,
				6447E0ED702E5B6DCA1D721D /* qwebp */,
				BBD3405F7B052B579AABB716 /* qmldbg_debugger */,
				EE17C259629238D739FCB2BB /* qmldbg_inspector */,
				A919240CDB90DF53AE0C9B57 /* qmldbg_local */,
				B75EA04851960E4C86458153 /* qmldbg_messages */,
				B8DFFF195ADDB97ABC89463F /* qmldbg_native */,
				1F093052FC88F44E806262D3 /* qmldbg_nativedebugger */,
				0666E09D53E7E4B240B59638 /* qmldbg_profiler */,
				80394870B233ABBF8E855930 /* qmldbg_quickprofiler */,
				9C328134E93503A5BF7E7179 /* qmldbg_server */,
				30371410690D96ED1A078476 /* Qt5PacketProtocol */,
				219400DAC037D443979A8E8D /* qmldbg_tcp */,
				84D112398BB0C178F8313CC7 /* qgenericbearer */,
				A565B71C602A886D620520A6 /* qtquick2plugin */,
				B02EDFB5FFEF4E56B655C066 /* qtquickcontrols2plugin */,
				9B4085FDB72A3712293FB010 /* Qt5QuickControls2 */,
				D74C846A5C406870A61D92B5 /* qquicklayoutsplugin */,
				23CE9883A4CCC870A8E93D22 /* windowplugin */,
				ECA666BDCEE1459D1FFC6115 /* declarative_multimedia */,
				36BB611E9892FEFE3A68C238 /* Qt5MultimediaQuick_p */,
				DBF4328F5727ED40B216D490 /* Qt5Multimedia */,
				B603E4BC60539E956E6E45BD /* qtquicktemplates2plugin */,
				A5355E6F3D57B347E6463450 /* Qt5QuickTemplates2 */,
				1A38B6189750C83E2E932051 /* qtlabsplatformplugin */,
				0B41530495D7CBEE1A4DBF9A /* Qt5Widgets */,
				A7AF181FE3BC932E2E4061B1 /* qtgraphicaleffectsplugin */,
				9A6B6084EEC2311F67FF7D5E /* qtgraphicaleffectsprivate */,
				04068E323A794230524E1F24 /* Qt5Quick */,
				A1745A88097C33426CF66393 /* Qt5Gui */,
				FB2A5AEA1CDF098589E2F371 /* qtlibpng */,
				7D6A31B7D7361D193FC423AA /* qtharfbuzz */,
				EAA166F8B2F8C0FFB6B3B751 /* Qt5Qml */,
				2E7AF75B15728657983FD673 /* Qt5Network */,
				9FBE55FB737BC1CF6CF1F7D0 /* Qt5Core */,
				9C71F7469531A81E417C0E47 /* qtpcre2 */,
			);
			name = Frameworks;
			sourceTree = "<group>";
		};
		E8C543AB96796ECAA2E65C57 /* Musvi */ = {
			isa = PBXGroup;
			children = (
				2EB56BE3C2D93CDAB0C52E67 /* Sources */,
				25B08E2869634E9BCBA333A2 /* Generated Sources */,
				87DF60DE337FB58864343E39 /* Resources */,
				74B182DB50CB5611B5C1C297 /* Supporting Files */,
				AF39DD055C3EF8226FBE929D /* Frameworks */,
				858FCAB0EB1F29CF8B07677C /* Bundle Data */,
				FE0A091FDBFB3E9C31B7A1BD /* Products */,
			);
			name = Musvi;
			sourceTree = "<group>";
		};
		FE0A091FDBFB3E9C31B7A1BD /* Products */ = {
			isa = PBXGroup;
			children = (
				711DD9D844EAE3AA0A3A13AE /* Musvi.app */,
			);
			name = Products;
			sourceTree = "<group>";
		};
/* End PBXGroup section */

/* Begin PBXNativeTarget section */
		ED208CC2E08605FD6B6B9FB1 /* Musvi */ = {
			isa = PBXNativeTarget;
			buildConfigurationList = 6CC3B5D2136C7CD6A5CF5A59 /* Build configuration list for PBXNativeTarget "Musvi" */;
			buildPhases = (
				F7E50F631C51CD5B5DC0BC43 /* Compile Sources */,
				D1C883685E82D5676953459A /* Link Binary With Libraries */,
				30414803F31797EB689AE508 /* Copy Bundle Resources */,
				99542592E9780B9225F24AA8 /* Embed Frameworks */,
			);
			buildRules = (
			);
			dependencies = (
				DA673E6BEADEFAAFF6AF46D6 /* PBXTargetDependency */,
			);
			name = Musvi;
			productName = Musvi;
			productReference = 711DD9D844EAE3AA0A3A13AE /* Musvi.app */;
			productType = "com.apple.product-type.application";
		};
/* End PBXNativeTarget section */

/* Begin PBXProject section */
		6DB9C3763D02B1415CD9D565 /* Project object */ = {
			isa = PBXProject;
			attributes = {
				TargetAttributes = {
					EA5DE269E955B706B696428F = {
						DevelopmentTeam = AFHS35RNJQ;
					};
					ED208CC2E08605FD6B6B9FB1 = {
						DevelopmentTeam = AFHS35RNJQ;
					};
				};
			};
			buildConfigurationList = DAC4C1AA5EDEA1C85E9CA5E6 /* Build configuration list for PBXProject "Musvi" */;
			compatibilityVersion = "Xcode 3.2";
			developmentRegion = en;
			hasScannedForEncodings = 1;
			knownRegions = (
				en,
			);
			mainGroup = E8C543AB96796ECAA2E65C57 /* Musvi */;
			productRefGroup = FE0A091FDBFB3E9C31B7A1BD /* Products */;
			projectDirPath = "";
			projectRoot = "";
			targets = (
				ED208CC2E08605FD6B6B9FB1 /* Musvi */,
				EA5DE269E955B706B696428F /* Qt Preprocess */,
			);
		};
/* End PBXProject section */

/* Begin PBXResourcesBuildPhase section */
		30414803F31797EB689AE508 /* Copy Bundle Resources */ = {
			isa = PBXResourcesBuildPhase;
			buildActionMask = 2147483647;
			files = (
				156F8AD8758612F9E4C83DB4 /* Default-568h@2x.png in Copy Bundle Resources */,
				A6066C1F2092626A00E11EAA /* Images.xcassets in Copy Bundle Resources */,
				695159F5C4431516237CF2E6 /* LaunchScreen.xib in Copy Bundle Resources */,
				A6066C212092627100E11EAA /* Images-2.xcassets in Copy Bundle Resources */,
				A6066C1D2092623100E11EAA /* 1024x768.png in Copy Bundle Resources */,
			);
			name = "Copy Bundle Resources";
			runOnlyForDeploymentPostprocessing = 0;
		};
/* End PBXResourcesBuildPhase section */

/* Begin PBXShellScriptBuildPhase section */
		5E618435888B9D49F8540165 /* Qt Qmake */ = {
			isa = PBXShellScriptBuildPhase;
			buildActionMask = 2147483647;
			files = (
			);
			name = "Qt Qmake";
			runOnlyForDeploymentPostprocessing = 0;
			shellPath = /bin/sh;
			shellScript = "make -C /Users/Eva/QT-PROJECTS/MUSVI/ -f Musvi.xcodeproj/qt_makeqmake.mak";
			showEnvVarsInLog = 0;
		};
		7EF0942E79C014DCEC8976BC /* Qt Preprocessors */ = {
			isa = PBXShellScriptBuildPhase;
			buildActionMask = 2147483647;
			files = (
			);
			name = "Qt Preprocessors";
			runOnlyForDeploymentPostprocessing = 0;
			shellPath = /bin/sh;
			shellScript = "make -C /Users/Eva/QT-PROJECTS/MUSVI/ -f Musvi.xcodeproj/qt_preprocess.mak";
			showEnvVarsInLog = 0;
		};
/* End PBXShellScriptBuildPhase section */

/* Begin PBXSourcesBuildPhase section */
		F7E50F631C51CD5B5DC0BC43 /* Compile Sources */ = {
			isa = PBXSourcesBuildPhase;
			buildActionMask = 2147483647;
			files = (
				CB87A3A5931F3D08BCDAB8CD /* main.cpp in Compile Sources */,
				77050E9B304CCDAD4A7DBC95 /* logic.cpp in Compile Sources */,
				10185A205520D7B020A56479 /* bufferprocessor.cpp in Compile Sources */,
				A1848CCDDCC7293BB3BCA6B4 /* classifier.cpp in Compile Sources */,
				B5CE10F35DF517E812583BD7 /* filter.cpp in Compile Sources */,
				5F8D1811E4A3791B0926A145 /* highpassfilter.cpp in Compile Sources */,
				44960307DABEE1BF205E03E6 /* impulse.cpp in Compile Sources */,
				6B2B92D2A00DB669179DD1B4 /* lowpassfilter.cpp in Compile Sources */,
				FCB0DA49804D45F555900E88 /* transcriptor.cpp in Compile Sources */,
				AED991FD38CE18A6132C2606 /* metronomethread.cpp in Compile Sources */,
				16FAC69C65098A6CF234421F /* scoresaver.cpp in Compile Sources */,
				094ADFCDD4ED40AB0814CB75 /* calibrator.cpp in Compile Sources */,
				DEF248EFD39C0876C5EDD516 /* scorechecker.cpp in Compile Sources */,
				05744A849228E3DEFDAD97DD /* musvi_plugin_import.cpp in Compile Sources */,
				6FABD87D4B8FEC3DDC449110 /* musvi_qml_plugin_import.cpp in Compile Sources */,
				A956CB9F9B1A91E0349E0122 /* qrc_ressources.cpp in Compile Sources */,
				7CC537EB87ACA31AA63ADB08 /* moc_logic.cpp in Compile Sources */,
				5EEC38437B4F94BAE7624DEC /* moc_transcriptor.cpp in Compile Sources */,
			);
			name = "Compile Sources";
			runOnlyForDeploymentPostprocessing = 0;
		};
/* End PBXSourcesBuildPhase section */

/* Begin PBXTargetDependency section */
		DA673E6BEADEFAAFF6AF46D6 /* PBXTargetDependency */ = {
			isa = PBXTargetDependency;
			target = EA5DE269E955B706B696428F /* Qt Preprocess */;
			targetProxy = A6066C1B2092612500E11EAA /* PBXContainerItemProxy */;
		};
/* End PBXTargetDependency section */

/* Begin XCBuildConfiguration section */
		339EE1B2CC4FC24589A0EA95 /* Release */ = {
			isa = XCBuildConfiguration;
			buildSettings = {
				APPLICATION_EXTENSION_API_ONLY = NO;
				ARCHS = (
					armv7,
					arm64,
					i386,
					x86_64,
				);
				"ARCHS[sdk=iphoneos*]" = (
					armv7,
					arm64,
				);
				"ARCHS[sdk=iphonesimulator*]" = (
					i386,
					x86_64,
				);
				CC = /Applications/Xcode.app/Contents/Developer/Toolchains/XcodeDefault.xctoolchain/usr/bin/clang;
				CODE_SIGN_IDENTITY = "iPhone Developer";
				COPY_PHASE_STRIP = YES;
				DEVELOPMENT_TEAM = AFHS35RNJQ;
				DYLIB_COMPATIBILITY_VERSION = 1.0;
				DYLIB_CURRENT_VERSION = 1.0.0;
				ENABLE_BITCODE = YES;
				FRAMEWORK_SEARCH_PATHS = "";
				GCC_VERSION = com.apple.compilers.llvm.clang.1_0;
				HEADER_SEARCH_PATHS = (
					.,
					../../Qt5.9.4/5.9.4/ios/mkspecs/common/uikit,
					../../Qt5.9.4/5.9.4/ios/include,
					../../Qt5.9.4/5.9.4/ios/include/QtQuick,
					../../Qt5.9.4/5.9.4/ios/include/QtMultimedia,
					../../Qt5.9.4/5.9.4/ios/include/QtWidgets,
					../../Qt5.9.4/5.9.4/ios/include/QtGui,
					../../Qt5.9.4/5.9.4/ios/include/QtQml,
					../../Qt5.9.4/5.9.4/ios/include/QtNetwork,
					../../Qt5.9.4/5.9.4/ios/include/QtCore,
					.,
					"../../Qt5.9.4/5.9.4/ios/mkspecs/macx-ios-clang",
				);
				INFOPLIST_FILE = Info.plist;
				IPHONEOS_DEPLOYMENT_TARGET = 8.0;
				LDPLUSPLUS = "/Applications/Xcode.app/Contents/Developer/Toolchains/XcodeDefault.xctoolchain/usr/bin/clang++";
				LIBRARY_SEARCH_PATHS = (
					/Users/Eva/Qt5.9.4/5.9.4/ios/plugins/platforms,
					/System/Library/Frameworks/,
					/Users/Eva/Qt5.9.4/5.9.4/ios/lib,
					/Users/Eva/Qt5.9.4/5.9.4/ios/plugins/mediaservice,
					/Users/Eva/Qt5.9.4/5.9.4/ios/plugins/audio,
					/Users/Eva/Qt5.9.4/5.9.4/ios/plugins/playlistformats,
					/Users/Eva/Qt5.9.4/5.9.4/ios/plugins/imageformats,
					/Users/Eva/Qt5.9.4/5.9.4/ios/plugins/qmltooling,
					/Users/Eva/Qt5.9.4/5.9.4/ios/plugins/bearer,
					/Users/Eva/Qt5.9.4/5.9.4/ios/qml/QtQuick.2,
					/Users/Eva/Qt5.9.4/5.9.4/ios/qml/QtQuick/Controls.2,
					/Users/Eva/Qt5.9.4/5.9.4/ios/qml/QtQuick/Layouts,
					/Users/Eva/Qt5.9.4/5.9.4/ios/qml/QtQuick/Window.2,
					/Users/Eva/Qt5.9.4/5.9.4/ios/qml/QtMultimedia,
					/Users/Eva/Qt5.9.4/5.9.4/ios/qml/QtQuick/Templates.2,
					/Users/Eva/Qt5.9.4/5.9.4/ios/qml/Qt/labs/platform,
					/Users/Eva/Qt5.9.4/5.9.4/ios/qml/QtGraphicalEffects,
					/Users/Eva/Qt5.9.4/5.9.4/ios/qml/QtGraphicalEffects/private,
				);
				OTHER_CFLAGS = (
					"-pipe",
					"-g",
					"-fobjc-nonfragile-abi",
					"-fobjc-legacy-dispatch",
					"-Wall",
					"-W",
					"-fPIC",
					"-DQT_COMPILER_SUPPORTS_SSE2",
					"-DQT_QML_DEBUG",
					"-DQT_QUICK_LIB",
					"-DQT_MULTIMEDIA_LIB",
					"-DQT_WIDGETS_LIB",
					"-DQT_GUI_LIB",
					"-DQT_QML_LIB",
					"-DQT_NETWORK_LIB",
					"-DQT_CORE_LIB",
				);
				OTHER_CPLUSPLUSFLAGS = (
					"-pipe",
					"-stdlib=libc++",
					"-g",
					"-std=gnu++11",
					"-fobjc-nonfragile-abi",
					"-fobjc-legacy-dispatch",
					"-Wall",
					"-W",
					"-fPIC",
					"-DQT_COMPILER_SUPPORTS_SSE2",
					"-DQT_QML_DEBUG",
					"-DQT_QUICK_LIB",
					"-DQT_MULTIMEDIA_LIB",
					"-DQT_WIDGETS_LIB",
					"-DQT_GUI_LIB",
					"-DQT_QML_LIB",
					"-DQT_NETWORK_LIB",
					"-DQT_CORE_LIB",
				);
				OTHER_LDFLAGS = (
					"-stdlib=libc++",
					"-Wl,-e,_qt_main_wrapper",
					"-Wl,-rpath,@executable_path/Frameworks",
					"-L/Users/Eva/Qt5.9.4/5.9.4/ios/plugins/platforms",
					"-framework",
					UIKit,
					"-framework",
					AssetsLibrary,
					"-L/Users/Eva/Qt5.9.4/5.9.4/ios/lib",
					"-framework",
					MobileCoreServices,
					"-framework",
					OpenGLES,
					"-L/Users/Eva/Qt5.9.4/5.9.4/ios/plugins/mediaservice",
					"-L/Users/Eva/Qt5.9.4/5.9.4/ios/plugins/audio",
					"-L/Users/Eva/Qt5.9.4/5.9.4/ios/plugins/playlistformats",
					"-L/Users/Eva/Qt5.9.4/5.9.4/ios/plugins/imageformats",
					"-L/Users/Eva/Qt5.9.4/5.9.4/ios/plugins/qmltooling",
					"-L/Users/Eva/Qt5.9.4/5.9.4/ios/plugins/bearer",
					"-L/Users/Eva/Qt5.9.4/5.9.4/ios/qml/QtQuick.2",
					"-L/Users/Eva/Qt5.9.4/5.9.4/ios/qml/QtQuick/Controls.2",
					"-L/Users/Eva/Qt5.9.4/5.9.4/ios/qml/QtQuick/Layouts",
					"-L/Users/Eva/Qt5.9.4/5.9.4/ios/qml/QtQuick/Window.2",
					"-L/Users/Eva/Qt5.9.4/5.9.4/ios/qml/QtMultimedia",
					"-L/Users/Eva/Qt5.9.4/5.9.4/ios/qml/QtQuick/Templates.2",
					"-L/Users/Eva/Qt5.9.4/5.9.4/ios/qml/Qt/labs/platform",
					"-L/Users/Eva/Qt5.9.4/5.9.4/ios/qml/QtGraphicalEffects",
					"-L/Users/Eva/Qt5.9.4/5.9.4/ios/qml/QtGraphicalEffects/private",
					"-lm",
					"-lz",
				);
				PRODUCT_NAME = Musvi;
				"QMAKE_MAC_SDK_PATH[sdk=iphoneos*]" = /Applications/Xcode.app/Contents/Developer/Platforms/iPhoneOS.platform/Developer/SDKs/iPhoneOS11.2.sdk;
				"QMAKE_MAC_SDK_PATH[sdk=iphonesimulator*]" = /Applications/Xcode.app/Contents/Developer/Platforms/iPhoneSimulator.platform/Developer/SDKs/iPhoneSimulator11.2.sdk;
				"QMAKE_MAC_SDK_PLATFORM_PATH[sdk=iphoneos*]" = /Applications/Xcode.app/Contents/Developer/Platforms/iPhoneOS.platform;
				"QMAKE_MAC_SDK_PLATFORM_PATH[sdk=iphonesimulator*]" = /Applications/Xcode.app/Contents/Developer/Platforms/iPhoneSimulator.platform;
				QT_LIBRARY_SUFFIX = "";
				SDKROOT = iphoneos;
				SYMROOT = "/Users/Eva/QT-PROJECTS/MUSVI/";
				TARGETED_DEVICE_FAMILY = "1,2";
			};
			name = Release;
		};
		3AA6C32AC930069E80220CF1 /* Debug */ = {
			isa = XCBuildConfiguration;
			buildSettings = {
				APPLICATION_EXTENSION_API_ONLY = NO;
				ARCHS = (
					armv7,
					arm64,
					i386,
					x86_64,
				);
				"ARCHS[sdk=iphoneos*]" = (
					armv7,
					arm64,
				);
				"ARCHS[sdk=iphonesimulator*]" = (
					i386,
					x86_64,
				);
				CC = /Applications/Xcode.app/Contents/Developer/Toolchains/XcodeDefault.xctoolchain/usr/bin/clang;
				CODE_SIGN_IDENTITY = "iPhone Developer";
				COPY_PHASE_STRIP = NO;
				DEBUG_INFORMATION_FORMAT = dwarf;
				DEVELOPMENT_TEAM = AFHS35RNJQ;
				DYLIB_COMPATIBILITY_VERSION = 1.0;
				DYLIB_CURRENT_VERSION = 1.0.0;
				ENABLE_BITCODE = YES;
				FRAMEWORK_SEARCH_PATHS = "";
				GCC_OPTIMIZATION_LEVEL = 0;
				GCC_VERSION = com.apple.compilers.llvm.clang.1_0;
				HEADER_SEARCH_PATHS = (
					.,
					../../Qt5.9.4/5.9.4/ios/mkspecs/common/uikit,
					../../Qt5.9.4/5.9.4/ios/include,
					../../Qt5.9.4/5.9.4/ios/include/QtQuick,
					../../Qt5.9.4/5.9.4/ios/include/QtMultimedia,
					../../Qt5.9.4/5.9.4/ios/include/QtWidgets,
					../../Qt5.9.4/5.9.4/ios/include/QtGui,
					../../Qt5.9.4/5.9.4/ios/include/QtQml,
					../../Qt5.9.4/5.9.4/ios/include/QtNetwork,
					../../Qt5.9.4/5.9.4/ios/include/QtCore,
					.,
					"../../Qt5.9.4/5.9.4/ios/mkspecs/macx-ios-clang",
				);
				INFOPLIST_FILE = Info.plist;
				IPHONEOS_DEPLOYMENT_TARGET = 8.0;
				LDPLUSPLUS = "/Applications/Xcode.app/Contents/Developer/Toolchains/XcodeDefault.xctoolchain/usr/bin/clang++";
				LIBRARY_SEARCH_PATHS = (
					/Users/Eva/Qt5.9.4/5.9.4/ios/plugins/platforms,
					/System/Library/Frameworks/,
					/Users/Eva/Qt5.9.4/5.9.4/ios/lib,
					/Users/Eva/Qt5.9.4/5.9.4/ios/plugins/mediaservice,
					/Users/Eva/Qt5.9.4/5.9.4/ios/plugins/audio,
					/Users/Eva/Qt5.9.4/5.9.4/ios/plugins/playlistformats,
					/Users/Eva/Qt5.9.4/5.9.4/ios/plugins/imageformats,
					/Users/Eva/Qt5.9.4/5.9.4/ios/plugins/qmltooling,
					/Users/Eva/Qt5.9.4/5.9.4/ios/plugins/bearer,
					/Users/Eva/Qt5.9.4/5.9.4/ios/qml/QtQuick.2,
					/Users/Eva/Qt5.9.4/5.9.4/ios/qml/QtQuick/Controls.2,
					/Users/Eva/Qt5.9.4/5.9.4/ios/qml/QtQuick/Layouts,
					/Users/Eva/Qt5.9.4/5.9.4/ios/qml/QtQuick/Window.2,
					/Users/Eva/Qt5.9.4/5.9.4/ios/qml/QtMultimedia,
					/Users/Eva/Qt5.9.4/5.9.4/ios/qml/QtQuick/Templates.2,
					/Users/Eva/Qt5.9.4/5.9.4/ios/qml/Qt/labs/platform,
					/Users/Eva/Qt5.9.4/5.9.4/ios/qml/QtGraphicalEffects,
					/Users/Eva/Qt5.9.4/5.9.4/ios/qml/QtGraphicalEffects/private,
				);
				ONLY_ACTIVE_ARCH = YES;
				OTHER_CFLAGS = (
					"-pipe",
					"-g",
					"-fobjc-nonfragile-abi",
					"-fobjc-legacy-dispatch",
					"-Wall",
					"-W",
					"-fPIC",
					"-DQT_COMPILER_SUPPORTS_SSE2",
					"-DQT_QML_DEBUG",
					"-DQT_QUICK_LIB",
					"-DQT_MULTIMEDIA_LIB",
					"-DQT_WIDGETS_LIB",
					"-DQT_GUI_LIB",
					"-DQT_QML_LIB",
					"-DQT_NETWORK_LIB",
					"-DQT_CORE_LIB",
				);
				OTHER_CPLUSPLUSFLAGS = (
					"-pipe",
					"-stdlib=libc++",
					"-g",
					"-std=gnu++11",
					"-fobjc-nonfragile-abi",
					"-fobjc-legacy-dispatch",
					"-Wall",
					"-W",
					"-fPIC",
					"-DQT_COMPILER_SUPPORTS_SSE2",
					"-DQT_QML_DEBUG",
					"-DQT_QUICK_LIB",
					"-DQT_MULTIMEDIA_LIB",
					"-DQT_WIDGETS_LIB",
					"-DQT_GUI_LIB",
					"-DQT_QML_LIB",
					"-DQT_NETWORK_LIB",
					"-DQT_CORE_LIB",
				);
				OTHER_LDFLAGS = (
					"-stdlib=libc++",
					"-Wl,-e,_qt_main_wrapper",
					"-Wl,-rpath,@executable_path/Frameworks",
					"-L/Users/Eva/Qt5.9.4/5.9.4/ios/plugins/platforms",
					"-framework",
					UIKit,
					"-framework",
					AssetsLibrary,
					"-L/Users/Eva/Qt5.9.4/5.9.4/ios/lib",
					"-framework",
					MobileCoreServices,
					"-framework",
					OpenGLES,
					"-L/Users/Eva/Qt5.9.4/5.9.4/ios/plugins/mediaservice",
					"-L/Users/Eva/Qt5.9.4/5.9.4/ios/plugins/audio",
					"-L/Users/Eva/Qt5.9.4/5.9.4/ios/plugins/playlistformats",
					"-L/Users/Eva/Qt5.9.4/5.9.4/ios/plugins/imageformats",
					"-L/Users/Eva/Qt5.9.4/5.9.4/ios/plugins/qmltooling",
					"-L/Users/Eva/Qt5.9.4/5.9.4/ios/plugins/bearer",
					"-L/Users/Eva/Qt5.9.4/5.9.4/ios/qml/QtQuick.2",
					"-L/Users/Eva/Qt5.9.4/5.9.4/ios/qml/QtQuick/Controls.2",
					"-L/Users/Eva/Qt5.9.4/5.9.4/ios/qml/QtQuick/Layouts",
					"-L/Users/Eva/Qt5.9.4/5.9.4/ios/qml/QtQuick/Window.2",
					"-L/Users/Eva/Qt5.9.4/5.9.4/ios/qml/QtMultimedia",
					"-L/Users/Eva/Qt5.9.4/5.9.4/ios/qml/QtQuick/Templates.2",
					"-L/Users/Eva/Qt5.9.4/5.9.4/ios/qml/Qt/labs/platform",
					"-L/Users/Eva/Qt5.9.4/5.9.4/ios/qml/QtGraphicalEffects",
					"-L/Users/Eva/Qt5.9.4/5.9.4/ios/qml/QtGraphicalEffects/private",
					"-lm",
					"-lz",
				);
				PRODUCT_NAME = Musvi;
				"QMAKE_MAC_SDK_PATH[sdk=iphoneos*]" = /Applications/Xcode.app/Contents/Developer/Platforms/iPhoneOS.platform/Developer/SDKs/iPhoneOS11.2.sdk;
				"QMAKE_MAC_SDK_PATH[sdk=iphonesimulator*]" = /Applications/Xcode.app/Contents/Developer/Platforms/iPhoneSimulator.platform/Developer/SDKs/iPhoneSimulator11.2.sdk;
				"QMAKE_MAC_SDK_PLATFORM_PATH[sdk=iphoneos*]" = /Applications/Xcode.app/Contents/Developer/Platforms/iPhoneOS.platform;
				"QMAKE_MAC_SDK_PLATFORM_PATH[sdk=iphonesimulator*]" = /Applications/Xcode.app/Contents/Developer/Platforms/iPhoneSimulator.platform;
				QT_LIBRARY_SUFFIX = _debug;
				SDKROOT = iphoneos;
				SYMROOT = "/Users/Eva/QT-PROJECTS/MUSVI/";
				TARGETED_DEVICE_FAMILY = "1,2";
			};
			name = Debug;
		};
		6666AA5E688052234F6758D8 /* Release */ = {
			isa = XCBuildConfiguration;
			buildSettings = {
				APPLICATION_EXTENSION_API_ONLY = NO;
				"ARCHS[sdk=iphoneos*]" = (
					armv7,
					arm64,
				);
				"ARCHS[sdk=iphonesimulator*]" = (
					i386,
					x86_64,
				);
				ASSETCATALOG_COMPILER_APPICON_NAME = "AppIcon-4";
				ASSETCATALOG_COMPILER_LAUNCHIMAGE_NAME = "LaunchImage-2";
				COPY_PHASE_STRIP = YES;
				DEVELOPMENT_TEAM = AFHS35RNJQ;
				ENABLE_BITCODE = YES;
				PRODUCT_NAME = Musvi;
				"QMAKE_MAC_SDK_PATH[sdk=iphoneos*]" = /Applications/Xcode.app/Contents/Developer/Platforms/iPhoneOS.platform/Developer/SDKs/iPhoneOS11.2.sdk;
				"QMAKE_MAC_SDK_PATH[sdk=iphonesimulator*]" = /Applications/Xcode.app/Contents/Developer/Platforms/iPhoneSimulator.platform/Developer/SDKs/iPhoneSimulator11.2.sdk;
				"QMAKE_MAC_SDK_PLATFORM_PATH[sdk=iphoneos*]" = /Applications/Xcode.app/Contents/Developer/Platforms/iPhoneOS.platform;
				"QMAKE_MAC_SDK_PLATFORM_PATH[sdk=iphonesimulator*]" = /Applications/Xcode.app/Contents/Developer/Platforms/iPhoneSimulator.platform;
				QT_LIBRARY_SUFFIX = "";
				SDKROOT = iphoneos;
				TARGETED_DEVICE_FAMILY = 2;
			};
			name = Release;
		};
		77418F46922677BB04ED38DD /* Debug */ = {
			isa = XCBuildConfiguration;
			buildSettings = {
				APPLICATION_EXTENSION_API_ONLY = NO;
				"ARCHS[sdk=iphoneos*]" = (
					armv7,
					arm64,
				);
				"ARCHS[sdk=iphonesimulator*]" = (
					i386,
					x86_64,
				);
				ASSETCATALOG_COMPILER_APPICON_NAME = "AppIcon-4";
				ASSETCATALOG_COMPILER_LAUNCHIMAGE_NAME = "LaunchImage-2";
				COPY_PHASE_STRIP = NO;
				DEBUG_INFORMATION_FORMAT = dwarf;
				DEVELOPMENT_TEAM = AFHS35RNJQ;
				ENABLE_BITCODE = YES;
				GCC_OPTIMIZATION_LEVEL = 0;
				ONLY_ACTIVE_ARCH = YES;
				PRODUCT_NAME = Musvi;
				"QMAKE_MAC_SDK_PATH[sdk=iphoneos*]" = /Applications/Xcode.app/Contents/Developer/Platforms/iPhoneOS.platform/Developer/SDKs/iPhoneOS11.2.sdk;
				"QMAKE_MAC_SDK_PATH[sdk=iphonesimulator*]" = /Applications/Xcode.app/Contents/Developer/Platforms/iPhoneSimulator.platform/Developer/SDKs/iPhoneSimulator11.2.sdk;
				"QMAKE_MAC_SDK_PLATFORM_PATH[sdk=iphoneos*]" = /Applications/Xcode.app/Contents/Developer/Platforms/iPhoneOS.platform;
				"QMAKE_MAC_SDK_PLATFORM_PATH[sdk=iphonesimulator*]" = /Applications/Xcode.app/Contents/Developer/Platforms/iPhoneSimulator.platform;
				QT_LIBRARY_SUFFIX = _debug;
				SDKROOT = iphoneos;
				TARGETED_DEVICE_FAMILY = 2;
			};
			name = Debug;
		};
/* End XCBuildConfiguration section */

/* Begin XCConfigurationList section */
		6CC3B5D2136C7CD6A5CF5A59 /* Build configuration list for PBXNativeTarget "Musvi" */ = {
			isa = XCConfigurationList;
			buildConfigurations = (
				77418F46922677BB04ED38DD /* Debug */,
				6666AA5E688052234F6758D8 /* Release */,
			);
			defaultConfigurationIsVisible = 0;
			defaultConfigurationName = Debug;
		};
		DAC4C1AA5EDEA1C85E9CA5E6 /* Build configuration list for PBXProject "Musvi" */ = {
			isa = XCConfigurationList;
			buildConfigurations = (
				3AA6C32AC930069E80220CF1 /* Debug */,
				339EE1B2CC4FC24589A0EA95 /* Release */,
			);
			defaultConfigurationIsVisible = 0;
			defaultConfigurationName = Debug;
		};
/* End XCConfigurationList section */
	};
	rootObject = 6DB9C3763D02B1415CD9D565 /* Project object */;
}
